// !$*UTF8*$!
{
	archiveVersion = 1;
	classes = {
	};
	objectVersion = 46;
	objects = {

/* Begin PBXBuildFile section */
		0C174E9F00BE3FB1E9D9FB73 /* Pods.framework in Frameworks */ = {isa = PBXBuildFile; fileRef = AE634FD644A9D08072DB1C42 /* Pods.framework */; settings = {ATTRIBUTES = (Weak, ); }; };
		A8074D691AF1655200A25655 /* AKPickerView.swift in Sources */ = {isa = PBXBuildFile; fileRef = A8074D681AF1655200A25655 /* AKPickerView.swift */; };
		A8074D6B1AF2B1F700A25655 /* AttachmentTableViewCell.swift in Sources */ = {isa = PBXBuildFile; fileRef = A8074D6A1AF2B1F700A25655 /* AttachmentTableViewCell.swift */; };
		A822CB5B1AE99F3900CE8CD9 /* universal.storyboard in Resources */ = {isa = PBXBuildFile; fileRef = A822CB5A1AE99F3900CE8CD9 /* universal.storyboard */; };
		A822CB781AE9BD6700CE8CD9 /* CallOfferViewController.swift in Sources */ = {isa = PBXBuildFile; fileRef = A822CB601AE9BD6700CE8CD9 /* CallOfferViewController.swift */; };
		A822CB7A1AE9BD6700CE8CD9 /* CallViewController.swift in Sources */ = {isa = PBXBuildFile; fileRef = A822CB621AE9BD6700CE8CD9 /* CallViewController.swift */; };
		A822CB7D1AE9BD6700CE8CD9 /* MainViewController.swift in Sources */ = {isa = PBXBuildFile; fileRef = A822CB651AE9BD6700CE8CD9 /* MainViewController.swift */; };
		A822CB7E1AE9BD6700CE8CD9 /* NotApprovedViewController.swift in Sources */ = {isa = PBXBuildFile; fileRef = A822CB661AE9BD6700CE8CD9 /* NotApprovedViewController.swift */; };
		A822CB7F1AE9BD6700CE8CD9 /* PageContentViewController.swift in Sources */ = {isa = PBXBuildFile; fileRef = A822CB671AE9BD6700CE8CD9 /* PageContentViewController.swift */; };
		A822CB801AE9BD6700CE8CD9 /* PostCallViewController.swift in Sources */ = {isa = PBXBuildFile; fileRef = A822CB681AE9BD6700CE8CD9 /* PostCallViewController.swift */; };
		A822CB811AE9BD6700CE8CD9 /* PreCallViewController_old.swift in Sources */ = {isa = PBXBuildFile; fileRef = A822CB691AE9BD6700CE8CD9 /* PreCallViewController_old.swift */; };
		A822CB821AE9BD6700CE8CD9 /* ProfileViewController.swift in Sources */ = {isa = PBXBuildFile; fileRef = A822CB6A1AE9BD6700CE8CD9 /* ProfileViewController.swift */; };
		A822CB831AE9BD6700CE8CD9 /* RegisterViewController.swift in Sources */ = {isa = PBXBuildFile; fileRef = A822CB6B1AE9BD6700CE8CD9 /* RegisterViewController.swift */; };
		A822CB861AE9BD6700CE8CD9 /* TestViewController.swift in Sources */ = {isa = PBXBuildFile; fileRef = A822CB6E1AE9BD6700CE8CD9 /* TestViewController.swift */; };
		A822CB881AE9BD6700CE8CD9 /* TrainingCellView.swift in Sources */ = {isa = PBXBuildFile; fileRef = A822CB701AE9BD6700CE8CD9 /* TrainingCellView.swift */; };
		A822CB891AE9BD6700CE8CD9 /* TrainingDetailViewController.swift in Sources */ = {isa = PBXBuildFile; fileRef = A822CB711AE9BD6700CE8CD9 /* TrainingDetailViewController.swift */; };
		A822CB8A1AE9BD6700CE8CD9 /* TrainingViewController.swift in Sources */ = {isa = PBXBuildFile; fileRef = A822CB721AE9BD6700CE8CD9 /* TrainingViewController.swift */; };
		A822CB8B1AE9BD6700CE8CD9 /* UIAlertViewWithData.swift in Sources */ = {isa = PBXBuildFile; fileRef = A822CB731AE9BD6700CE8CD9 /* UIAlertViewWithData.swift */; };
		A822CB8E1AE9BD6700CE8CD9 /* WebResourceViewController.swift in Sources */ = {isa = PBXBuildFile; fileRef = A822CB761AE9BD6700CE8CD9 /* WebResourceViewController.swift */; };
		A822CB8F1AE9BD6700CE8CD9 /* WelcomeViewController.swift in Sources */ = {isa = PBXBuildFile; fileRef = A822CB771AE9BD6700CE8CD9 /* WelcomeViewController.swift */; };
		A822CB9B1AE9BDD800CE8CD9 /* CallUtils.swift in Sources */ = {isa = PBXBuildFile; fileRef = A822CB921AE9BDD800CE8CD9 /* CallUtils.swift */; };
		A822CB9C1AE9BDD800CE8CD9 /* ColorUtils.swift in Sources */ = {isa = PBXBuildFile; fileRef = A822CB931AE9BDD800CE8CD9 /* ColorUtils.swift */; };
		A822CB9D1AE9BDD800CE8CD9 /* iOSVersion.swift in Sources */ = {isa = PBXBuildFile; fileRef = A822CB941AE9BDD800CE8CD9 /* iOSVersion.swift */; };
		A822CB9E1AE9BDD800CE8CD9 /* LoginUtils.swift in Sources */ = {isa = PBXBuildFile; fileRef = A822CB951AE9BDD800CE8CD9 /* LoginUtils.swift */; };
		A822CB9F1AE9BDD800CE8CD9 /* ServerAPI.swift in Sources */ = {isa = PBXBuildFile; fileRef = A822CB961AE9BDD800CE8CD9 /* ServerAPI.swift */; };
		A822CBA01AE9BDD800CE8CD9 /* StorageUtils.swift in Sources */ = {isa = PBXBuildFile; fileRef = A822CB971AE9BDD800CE8CD9 /* StorageUtils.swift */; };
		A822CBA11AE9BDD800CE8CD9 /* TimeUtils.swift in Sources */ = {isa = PBXBuildFile; fileRef = A822CB981AE9BDD800CE8CD9 /* TimeUtils.swift */; };
		A822CBA21AE9BDD800CE8CD9 /* UIEventRegister.swift in Sources */ = {isa = PBXBuildFile; fileRef = A822CB991AE9BDD800CE8CD9 /* UIEventRegister.swift */; };
		A822CBA31AE9BDD800CE8CD9 /* ViewUtils.swift in Sources */ = {isa = PBXBuildFile; fileRef = A822CB9A1AE9BDD800CE8CD9 /* ViewUtils.swift */; };
		A822CBA61AE9BF7000CE8CD9 /* NetworkUtils.swift in Sources */ = {isa = PBXBuildFile; fileRef = A822CBA51AE9BF7000CE8CD9 /* NetworkUtils.swift */; };
		A822CBA91AE9CC5C00CE8CD9 /* LaunchViewController.swift in Sources */ = {isa = PBXBuildFile; fileRef = A822CBA71AE9CC5C00CE8CD9 /* LaunchViewController.swift */; };
		A822CBAA1AE9CC5C00CE8CD9 /* LoginViewController.swift in Sources */ = {isa = PBXBuildFile; fileRef = A822CBA81AE9CC5C00CE8CD9 /* LoginViewController.swift */; };
		A822CBBD1AE9D06700CE8CD9 /* ArticleTableViewCell.swift in Sources */ = {isa = PBXBuildFile; fileRef = A822CBAC1AE9D06700CE8CD9 /* ArticleTableViewCell.swift */; };
		A822CBBE1AE9D06700CE8CD9 /* ButtonWithData.swift in Sources */ = {isa = PBXBuildFile; fileRef = A822CBAD1AE9D06700CE8CD9 /* ButtonWithData.swift */; };
		A822CBBF1AE9D06700CE8CD9 /* ChatBoxView.swift in Sources */ = {isa = PBXBuildFile; fileRef = A822CBAE1AE9D06700CE8CD9 /* ChatBoxView.swift */; };
		A822CBC01AE9D06700CE8CD9 /* ColoredTabBarController.swift in Sources */ = {isa = PBXBuildFile; fileRef = A822CBAF1AE9D06700CE8CD9 /* ColoredTabBarController.swift */; };
		A822CBC11AE9D06700CE8CD9 /* FAQTableViewCell.swift in Sources */ = {isa = PBXBuildFile; fileRef = A822CBB01AE9D06700CE8CD9 /* FAQTableViewCell.swift */; };
		A822CBC21AE9D06700CE8CD9 /* MedicalInquiryTableViewCell.swift in Sources */ = {isa = PBXBuildFile; fileRef = A822CBB11AE9D06700CE8CD9 /* MedicalInquiryTableViewCell.swift */; };
		A822CBC31AE9D06700CE8CD9 /* MenuTableViewCell.swift in Sources */ = {isa = PBXBuildFile; fileRef = A822CBB21AE9D06700CE8CD9 /* MenuTableViewCell.swift */; };
		A822CBC41AE9D06700CE8CD9 /* PandaViewController.swift in Sources */ = {isa = PBXBuildFile; fileRef = A822CBB31AE9D06700CE8CD9 /* PandaViewController.swift */; };
		A822CBC51AE9D06700CE8CD9 /* ProfileTableViewCell.swift in Sources */ = {isa = PBXBuildFile; fileRef = A822CBB41AE9D06700CE8CD9 /* ProfileTableViewCell.swift */; };
		A822CBC61AE9D06700CE8CD9 /* PromoTableViewCell.swift in Sources */ = {isa = PBXBuildFile; fileRef = A822CBB51AE9D06700CE8CD9 /* PromoTableViewCell.swift */; };
		A822CBC71AE9D06700CE8CD9 /* SearchTypeTableViewCell.swift in Sources */ = {isa = PBXBuildFile; fileRef = A822CBB61AE9D06700CE8CD9 /* SearchTypeTableViewCell.swift */; };
		A822CBC81AE9D06700CE8CD9 /* SplitTableViewCellWithTitle.swift in Sources */ = {isa = PBXBuildFile; fileRef = A822CBB71AE9D06700CE8CD9 /* SplitTableViewCellWithTitle.swift */; };
		A822CBC91AE9D06700CE8CD9 /* TableViewCellWithButtonAndTitle.swift in Sources */ = {isa = PBXBuildFile; fileRef = A822CBB81AE9D06700CE8CD9 /* TableViewCellWithButtonAndTitle.swift */; };
		A822CBCA1AE9D06700CE8CD9 /* TableViewCellWithTextView.swift in Sources */ = {isa = PBXBuildFile; fileRef = A822CBB91AE9D06700CE8CD9 /* TableViewCellWithTextView.swift */; };
		A822CBCB1AE9D06700CE8CD9 /* TableViewCellWithTitle.swift in Sources */ = {isa = PBXBuildFile; fileRef = A822CBBA1AE9D06700CE8CD9 /* TableViewCellWithTitle.swift */; };
		A822CBCC1AE9D06700CE8CD9 /* UINavigationControllerWithOrientation.swift in Sources */ = {isa = PBXBuildFile; fileRef = A822CBBB1AE9D06700CE8CD9 /* UINavigationControllerWithOrientation.swift */; };
		A822CBCD1AE9D06700CE8CD9 /* ZoneCallTableViewCell.swift in Sources */ = {isa = PBXBuildFile; fileRef = A822CBBC1AE9D06700CE8CD9 /* ZoneCallTableViewCell.swift */; };
		A822CBDC1AE9D26B00CE8CD9 /* Courgette-Regular.ttf in Resources */ = {isa = PBXBuildFile; fileRef = A822CBCF1AE9D26B00CE8CD9 /* Courgette-Regular.ttf */; };
		A822CBDD1AE9D26B00CE8CD9 /* LICENSE.txt in Resources */ = {isa = PBXBuildFile; fileRef = A822CBD01AE9D26B00CE8CD9 /* LICENSE.txt */; };
		A822CBDE1AE9D26B00CE8CD9 /* OFL.txt in Resources */ = {isa = PBXBuildFile; fileRef = A822CBD11AE9D26B00CE8CD9 /* OFL.txt */; };
		A822CBDF1AE9D26B00CE8CD9 /* OpenSans-Bold.ttf in Resources */ = {isa = PBXBuildFile; fileRef = A822CBD21AE9D26B00CE8CD9 /* OpenSans-Bold.ttf */; };
		A822CBE01AE9D26B00CE8CD9 /* OpenSans-BoldItalic.ttf in Resources */ = {isa = PBXBuildFile; fileRef = A822CBD31AE9D26B00CE8CD9 /* OpenSans-BoldItalic.ttf */; };
		A822CBE11AE9D26B00CE8CD9 /* OpenSans-ExtraBold.ttf in Resources */ = {isa = PBXBuildFile; fileRef = A822CBD41AE9D26B00CE8CD9 /* OpenSans-ExtraBold.ttf */; };
		A822CBE21AE9D26B00CE8CD9 /* OpenSans-ExtraBoldItalic.ttf in Resources */ = {isa = PBXBuildFile; fileRef = A822CBD51AE9D26B00CE8CD9 /* OpenSans-ExtraBoldItalic.ttf */; };
		A822CBE31AE9D26B00CE8CD9 /* OpenSans-Italic.ttf in Resources */ = {isa = PBXBuildFile; fileRef = A822CBD61AE9D26B00CE8CD9 /* OpenSans-Italic.ttf */; };
		A822CBE41AE9D26B00CE8CD9 /* OpenSans-Light.ttf in Resources */ = {isa = PBXBuildFile; fileRef = A822CBD71AE9D26B00CE8CD9 /* OpenSans-Light.ttf */; };
		A822CBE51AE9D26B00CE8CD9 /* OpenSans-LightItalic.ttf in Resources */ = {isa = PBXBuildFile; fileRef = A822CBD81AE9D26B00CE8CD9 /* OpenSans-LightItalic.ttf */; };
		A822CBE61AE9D26B00CE8CD9 /* OpenSans-Regular.ttf in Resources */ = {isa = PBXBuildFile; fileRef = A822CBD91AE9D26B00CE8CD9 /* OpenSans-Regular.ttf */; };
		A822CBE71AE9D26B00CE8CD9 /* OpenSans-Semibold.ttf in Resources */ = {isa = PBXBuildFile; fileRef = A822CBDA1AE9D26B00CE8CD9 /* OpenSans-Semibold.ttf */; };
		A822CBE81AE9D26B00CE8CD9 /* OpenSans-SemiboldItalic.ttf in Resources */ = {isa = PBXBuildFile; fileRef = A822CBDB1AE9D26B00CE8CD9 /* OpenSans-SemiboldItalic.ttf */; };
		A822CBEB1AE9D48000CE8CD9 /* HomeViewController.swift in Sources */ = {isa = PBXBuildFile; fileRef = A822CBEA1AE9D48000CE8CD9 /* HomeViewController.swift */; };
		A822CBF51AE9D70A00CE8CD9 /* ContactUsViewController.swift in Sources */ = {isa = PBXBuildFile; fileRef = A822CBEE1AE9D70A00CE8CD9 /* ContactUsViewController.swift */; };
		A822CBF61AE9D70A00CE8CD9 /* EditProfileViewController.swift in Sources */ = {isa = PBXBuildFile; fileRef = A822CBEF1AE9D70A00CE8CD9 /* EditProfileViewController.swift */; };
		A822CBF71AE9D70A00CE8CD9 /* FAQViewController.swift in Sources */ = {isa = PBXBuildFile; fileRef = A822CBF01AE9D70A00CE8CD9 /* FAQViewController.swift */; };
		A822CBF81AE9D70A00CE8CD9 /* MenuViewController.swift in Sources */ = {isa = PBXBuildFile; fileRef = A822CBF11AE9D70A00CE8CD9 /* MenuViewController.swift */; };
		A822CBF91AE9D70A00CE8CD9 /* ProfileUIViewController.swift in Sources */ = {isa = PBXBuildFile; fileRef = A822CBF21AE9D70A00CE8CD9 /* ProfileUIViewController.swift */; };
		A822CBFA1AE9D70A00CE8CD9 /* SettingsViewController.swift in Sources */ = {isa = PBXBuildFile; fileRef = A822CBF31AE9D70A00CE8CD9 /* SettingsViewController.swift */; };
		A822CBFB1AE9D70A00CE8CD9 /* SupportViewController.swift in Sources */ = {isa = PBXBuildFile; fileRef = A822CBF41AE9D70A00CE8CD9 /* SupportViewController.swift */; };
		A85AE7641AF0701700B537D4 /* LaunchScreen.xib in Resources */ = {isa = PBXBuildFile; fileRef = A85AE7621AF0701700B537D4 /* LaunchScreen.xib */; };
		A8A491061B26F6080017324A /* AcceptCallTableViewCell.swift in Sources */ = {isa = PBXBuildFile; fileRef = A8A491051B26F6080017324A /* AcceptCallTableViewCell.swift */; };
		A8BCC4121AFAD7C2001229E5 /* AttachmentListViewController.swift in Sources */ = {isa = PBXBuildFile; fileRef = A8BCC4111AFAD7C2001229E5 /* AttachmentListViewController.swift */; };
		A8C739561AF2EDDA00A8DAAB /* CreateCallViewController.swift in Sources */ = {isa = PBXBuildFile; fileRef = A8C739551AF2EDDA00A8DAAB /* CreateCallViewController.swift */; };
		A8D7DADB1AFD5CE7008E2D29 /* DropboxListViewController.swift in Sources */ = {isa = PBXBuildFile; fileRef = A8D7DADA1AFD5CE7008E2D29 /* DropboxListViewController.swift */; };
		A8D7DADE1AFD7389008E2D29 /* TBScreenCapture.m in Sources */ = {isa = PBXBuildFile; fileRef = A8D7DADD1AFD7389008E2D29 /* TBScreenCapture.m */; };
		A8D7DAE31AFD8F0E008E2D29 /* LinearInterpView.swift in Sources */ = {isa = PBXBuildFile; fileRef = A8D7DAE21AFD8F0E008E2D29 /* LinearInterpView.swift */; };
		A8D7DAE71B02D9AB008E2D29 /* VideoResourceViewController.swift in Sources */ = {isa = PBXBuildFile; fileRef = A8D7DAE61B02D9AB008E2D29 /* VideoResourceViewController.swift */; };
		A8D7DAE91B040CD0008E2D29 /* MPGTextField-Swift.swift in Sources */ = {isa = PBXBuildFile; fileRef = A8D7DAE81B040CD0008E2D29 /* MPGTextField-Swift.swift */; };
		A8D7DAEB1B040D33008E2D29 /* DoctorListViewController.swift in Sources */ = {isa = PBXBuildFile; fileRef = A8D7DAEA1B040D33008E2D29 /* DoctorListViewController.swift */; };
		A8DD82E91AF00AE70098B8C6 /* CallNewViewController.swift in Sources */ = {isa = PBXBuildFile; fileRef = A8DD82E21AF00AE60098B8C6 /* CallNewViewController.swift */; };
		A8DD82EA1AF00AE70098B8C6 /* ChatViewController.swift in Sources */ = {isa = PBXBuildFile; fileRef = A8DD82E31AF00AE60098B8C6 /* ChatViewController.swift */; };
		A8DD82EC1AF00AE70098B8C6 /* PostCallNewViewController.swift in Sources */ = {isa = PBXBuildFile; fileRef = A8DD82E51AF00AE60098B8C6 /* PostCallNewViewController.swift */; };
		A8DD82F21AF00D230098B8C6 /* PreCallViewController.swift in Sources */ = {isa = PBXBuildFile; fileRef = A8DD82F11AF00D230098B8C6 /* PreCallViewController.swift */; };
		A8E0DF6E1AF4417B0014CE59 /* TableViewCellWithLabelAndButton.swift in Sources */ = {isa = PBXBuildFile; fileRef = A8E0DF6D1AF4417B0014CE59 /* TableViewCellWithLabelAndButton.swift */; };
		A8E0DF701AF85CA10014CE59 /* DashboardViewController.swift in Sources */ = {isa = PBXBuildFile; fileRef = A8E0DF6F1AF85CA10014CE59 /* DashboardViewController.swift */; };
		BA1AA7D31A516DA900BCE29D /* FloatRatingView.swift in Sources */ = {isa = PBXBuildFile; fileRef = BA1AA7D21A516DA900BCE29D /* FloatRatingView.swift */; };
		BA226D501A404D9D00059267 /* AppDelegate.swift in Sources */ = {isa = PBXBuildFile; fileRef = BA226D4F1A404D9D00059267 /* AppDelegate.swift */; };
		BA226D571A404D9D00059267 /* Images.xcassets in Resources */ = {isa = PBXBuildFile; fileRef = BA226D561A404D9D00059267 /* Images.xcassets */; };
		BA226D661A404D9D00059267 /* Panda4repTests.swift in Sources */ = {isa = PBXBuildFile; fileRef = BA226D651A404D9D00059267 /* Panda4repTests.swift */; };
		BA226D831A404EFA00059267 /* libsqlite3.dylib in Frameworks */ = {isa = PBXBuildFile; fileRef = BA226D821A404EFA00059267 /* libsqlite3.dylib */; };
		BA226D851A404F0400059267 /* CoreTelephony.framework in Frameworks */ = {isa = PBXBuildFile; fileRef = BA226D841A404F0400059267 /* CoreTelephony.framework */; };
		BA226D871A404F1100059267 /* SystemConfiguration.framework in Frameworks */ = {isa = PBXBuildFile; fileRef = BA226D861A404F1100059267 /* SystemConfiguration.framework */; };
		BA226D891A404F1E00059267 /* OpenGLES.framework in Frameworks */ = {isa = PBXBuildFile; fileRef = BA226D881A404F1E00059267 /* OpenGLES.framework */; };
		BA226D8B1A404F2B00059267 /* CoreVideo.framework in Frameworks */ = {isa = PBXBuildFile; fileRef = BA226D8A1A404F2B00059267 /* CoreVideo.framework */; };
		BA226D8D1A404F3300059267 /* CoreMedia.framework in Frameworks */ = {isa = PBXBuildFile; fileRef = BA226D8C1A404F3300059267 /* CoreMedia.framework */; };
		BA226D8F1A404F3D00059267 /* CoreGraphics.framework in Frameworks */ = {isa = PBXBuildFile; fileRef = BA226D8E1A404F3D00059267 /* CoreGraphics.framework */; };
		BA226D911A404F4800059267 /* AudioToolbox.framework in Frameworks */ = {isa = PBXBuildFile; fileRef = BA226D901A404F4800059267 /* AudioToolbox.framework */; };
		BA226D931A404F5200059267 /* AVFoundation.framework in Frameworks */ = {isa = PBXBuildFile; fileRef = BA226D921A404F5200059267 /* AVFoundation.framework */; };
		BA226D951A404F5A00059267 /* QuartzCore.framework in Frameworks */ = {isa = PBXBuildFile; fileRef = BA226D941A404F5A00059267 /* QuartzCore.framework */; };
		BA226D971A404F6300059267 /* UIKit.framework in Frameworks */ = {isa = PBXBuildFile; fileRef = BA226D961A404F6300059267 /* UIKit.framework */; };
		BA226D991A404F7200059267 /* Foundation.framework in Frameworks */ = {isa = PBXBuildFile; fileRef = BA226D981A404F7200059267 /* Foundation.framework */; };
		BA226D9B1A404F7F00059267 /* libstdc++.6.0.9.dylib in Frameworks */ = {isa = PBXBuildFile; fileRef = BA226D9A1A404F7F00059267 /* libstdc++.6.0.9.dylib */; };
		BA226D9D1A404F8A00059267 /* libpthread.dylib in Frameworks */ = {isa = PBXBuildFile; fileRef = BA226D9C1A404F8A00059267 /* libpthread.dylib */; };
		BA226D9F1A404F9200059267 /* libxml2.dylib in Frameworks */ = {isa = PBXBuildFile; fileRef = BA226D9E1A404F9200059267 /* libxml2.dylib */; };
/* End PBXBuildFile section */

/* Begin PBXContainerItemProxy section */
		BA226D601A404D9D00059267 /* PBXContainerItemProxy */ = {
			isa = PBXContainerItemProxy;
			containerPortal = BA226D421A404D9D00059267 /* Project object */;
			proxyType = 1;
			remoteGlobalIDString = BA226D491A404D9D00059267;
			remoteInfo = Panda4rep;
		};
/* End PBXContainerItemProxy section */

/* Begin PBXCopyFilesBuildPhase section */
		BA1AA7CA1A516AF000BCE29D /* Embed Frameworks */ = {
			isa = PBXCopyFilesBuildPhase;
			buildActionMask = 2147483647;
			dstPath = "";
			dstSubfolderSpec = 10;
			files = (
			);
			name = "Embed Frameworks";
			runOnlyForDeploymentPostprocessing = 0;
		};
/* End PBXCopyFilesBuildPhase section */

/* Begin PBXFileReference section */
		8A183BC194C9A944FA3C1B3E /* Pods.debug.xcconfig */ = {isa = PBXFileReference; includeInIndex = 1; lastKnownFileType = text.xcconfig; name = Pods.debug.xcconfig; path = "Pods/Target Support Files/Pods/Pods.debug.xcconfig"; sourceTree = "<group>"; };
		A8074D681AF1655200A25655 /* AKPickerView.swift */ = {isa = PBXFileReference; fileEncoding = 4; lastKnownFileType = sourcecode.swift; name = AKPickerView.swift; path = components/AKPickerView.swift; sourceTree = "<group>"; };
		A8074D6A1AF2B1F700A25655 /* AttachmentTableViewCell.swift */ = {isa = PBXFileReference; fileEncoding = 4; lastKnownFileType = sourcecode.swift; name = AttachmentTableViewCell.swift; path = UIExtensions/AttachmentTableViewCell.swift; sourceTree = "<group>"; };
		A822CB5A1AE99F3900CE8CD9 /* universal.storyboard */ = {isa = PBXFileReference; fileEncoding = 4; lastKnownFileType = file.storyboard; path = universal.storyboard; sourceTree = "<group>"; };
		A822CB601AE9BD6700CE8CD9 /* CallOfferViewController.swift */ = {isa = PBXFileReference; fileEncoding = 4; lastKnownFileType = sourcecode.swift; name = CallOfferViewController.swift; path = old/CallOfferViewController.swift; sourceTree = "<group>"; };
		A822CB621AE9BD6700CE8CD9 /* CallViewController.swift */ = {isa = PBXFileReference; fileEncoding = 4; lastKnownFileType = sourcecode.swift; name = CallViewController.swift; path = old/CallViewController.swift; sourceTree = "<group>"; };
		A822CB651AE9BD6700CE8CD9 /* MainViewController.swift */ = {isa = PBXFileReference; fileEncoding = 4; lastKnownFileType = sourcecode.swift; name = MainViewController.swift; path = old/MainViewController.swift; sourceTree = "<group>"; };
		A822CB661AE9BD6700CE8CD9 /* NotApprovedViewController.swift */ = {isa = PBXFileReference; fileEncoding = 4; lastKnownFileType = sourcecode.swift; name = NotApprovedViewController.swift; path = old/NotApprovedViewController.swift; sourceTree = "<group>"; };
		A822CB671AE9BD6700CE8CD9 /* PageContentViewController.swift */ = {isa = PBXFileReference; fileEncoding = 4; lastKnownFileType = sourcecode.swift; name = PageContentViewController.swift; path = old/PageContentViewController.swift; sourceTree = "<group>"; };
		A822CB681AE9BD6700CE8CD9 /* PostCallViewController.swift */ = {isa = PBXFileReference; fileEncoding = 4; lastKnownFileType = sourcecode.swift; name = PostCallViewController.swift; path = old/PostCallViewController.swift; sourceTree = "<group>"; };
		A822CB691AE9BD6700CE8CD9 /* PreCallViewController_old.swift */ = {isa = PBXFileReference; fileEncoding = 4; lastKnownFileType = sourcecode.swift; name = PreCallViewController_old.swift; path = old/PreCallViewController_old.swift; sourceTree = "<group>"; };
		A822CB6A1AE9BD6700CE8CD9 /* ProfileViewController.swift */ = {isa = PBXFileReference; fileEncoding = 4; lastKnownFileType = sourcecode.swift; name = ProfileViewController.swift; path = old/ProfileViewController.swift; sourceTree = "<group>"; };
		A822CB6B1AE9BD6700CE8CD9 /* RegisterViewController.swift */ = {isa = PBXFileReference; fileEncoding = 4; lastKnownFileType = sourcecode.swift; name = RegisterViewController.swift; path = old/RegisterViewController.swift; sourceTree = "<group>"; };
		A822CB6E1AE9BD6700CE8CD9 /* TestViewController.swift */ = {isa = PBXFileReference; fileEncoding = 4; lastKnownFileType = sourcecode.swift; name = TestViewController.swift; path = old/TestViewController.swift; sourceTree = "<group>"; };
		A822CB701AE9BD6700CE8CD9 /* TrainingCellView.swift */ = {isa = PBXFileReference; fileEncoding = 4; lastKnownFileType = sourcecode.swift; name = TrainingCellView.swift; path = old/TrainingCellView.swift; sourceTree = "<group>"; };
		A822CB711AE9BD6700CE8CD9 /* TrainingDetailViewController.swift */ = {isa = PBXFileReference; fileEncoding = 4; lastKnownFileType = sourcecode.swift; name = TrainingDetailViewController.swift; path = old/TrainingDetailViewController.swift; sourceTree = "<group>"; };
		A822CB721AE9BD6700CE8CD9 /* TrainingViewController.swift */ = {isa = PBXFileReference; fileEncoding = 4; lastKnownFileType = sourcecode.swift; name = TrainingViewController.swift; path = old/TrainingViewController.swift; sourceTree = "<group>"; };
		A822CB731AE9BD6700CE8CD9 /* UIAlertViewWithData.swift */ = {isa = PBXFileReference; fileEncoding = 4; lastKnownFileType = sourcecode.swift; name = UIAlertViewWithData.swift; path = old/UIAlertViewWithData.swift; sourceTree = "<group>"; };
		A822CB761AE9BD6700CE8CD9 /* WebResourceViewController.swift */ = {isa = PBXFileReference; fileEncoding = 4; lastKnownFileType = sourcecode.swift; name = WebResourceViewController.swift; path = old/WebResourceViewController.swift; sourceTree = "<group>"; };
		A822CB771AE9BD6700CE8CD9 /* WelcomeViewController.swift */ = {isa = PBXFileReference; fileEncoding = 4; lastKnownFileType = sourcecode.swift; name = WelcomeViewController.swift; path = old/WelcomeViewController.swift; sourceTree = "<group>"; };
		A822CB921AE9BDD800CE8CD9 /* CallUtils.swift */ = {isa = PBXFileReference; fileEncoding = 4; lastKnownFileType = sourcecode.swift; name = CallUtils.swift; path = utils/CallUtils.swift; sourceTree = "<group>"; };
		A822CB931AE9BDD800CE8CD9 /* ColorUtils.swift */ = {isa = PBXFileReference; fileEncoding = 4; lastKnownFileType = sourcecode.swift; name = ColorUtils.swift; path = utils/ColorUtils.swift; sourceTree = "<group>"; };
		A822CB941AE9BDD800CE8CD9 /* iOSVersion.swift */ = {isa = PBXFileReference; fileEncoding = 4; lastKnownFileType = sourcecode.swift; name = iOSVersion.swift; path = utils/iOSVersion.swift; sourceTree = "<group>"; };
		A822CB951AE9BDD800CE8CD9 /* LoginUtils.swift */ = {isa = PBXFileReference; fileEncoding = 4; lastKnownFileType = sourcecode.swift; name = LoginUtils.swift; path = utils/LoginUtils.swift; sourceTree = "<group>"; };
		A822CB961AE9BDD800CE8CD9 /* ServerAPI.swift */ = {isa = PBXFileReference; fileEncoding = 4; lastKnownFileType = sourcecode.swift; name = ServerAPI.swift; path = utils/ServerAPI.swift; sourceTree = "<group>"; };
		A822CB971AE9BDD800CE8CD9 /* StorageUtils.swift */ = {isa = PBXFileReference; fileEncoding = 4; lastKnownFileType = sourcecode.swift; name = StorageUtils.swift; path = utils/StorageUtils.swift; sourceTree = "<group>"; };
		A822CB981AE9BDD800CE8CD9 /* TimeUtils.swift */ = {isa = PBXFileReference; fileEncoding = 4; lastKnownFileType = sourcecode.swift; name = TimeUtils.swift; path = utils/TimeUtils.swift; sourceTree = "<group>"; };
		A822CB991AE9BDD800CE8CD9 /* UIEventRegister.swift */ = {isa = PBXFileReference; fileEncoding = 4; lastKnownFileType = sourcecode.swift; name = UIEventRegister.swift; path = utils/UIEventRegister.swift; sourceTree = "<group>"; };
		A822CB9A1AE9BDD800CE8CD9 /* ViewUtils.swift */ = {isa = PBXFileReference; fileEncoding = 4; lastKnownFileType = sourcecode.swift; name = ViewUtils.swift; path = utils/ViewUtils.swift; sourceTree = "<group>"; };
		A822CBA51AE9BF7000CE8CD9 /* NetworkUtils.swift */ = {isa = PBXFileReference; fileEncoding = 4; lastKnownFileType = sourcecode.swift; name = NetworkUtils.swift; path = utils/NetworkUtils.swift; sourceTree = "<group>"; };
		A822CBA71AE9CC5C00CE8CD9 /* LaunchViewController.swift */ = {isa = PBXFileReference; fileEncoding = 4; lastKnownFileType = sourcecode.swift; name = LaunchViewController.swift; path = "login&SignupVC/LaunchViewController.swift"; sourceTree = "<group>"; };
		A822CBA81AE9CC5C00CE8CD9 /* LoginViewController.swift */ = {isa = PBXFileReference; fileEncoding = 4; lastKnownFileType = sourcecode.swift; name = LoginViewController.swift; path = "login&SignupVC/LoginViewController.swift"; sourceTree = "<group>"; };
		A822CBAC1AE9D06700CE8CD9 /* ArticleTableViewCell.swift */ = {isa = PBXFileReference; fileEncoding = 4; lastKnownFileType = sourcecode.swift; name = ArticleTableViewCell.swift; path = UIExtensions/ArticleTableViewCell.swift; sourceTree = "<group>"; };
		A822CBAD1AE9D06700CE8CD9 /* ButtonWithData.swift */ = {isa = PBXFileReference; fileEncoding = 4; lastKnownFileType = sourcecode.swift; name = ButtonWithData.swift; path = UIExtensions/ButtonWithData.swift; sourceTree = "<group>"; };
		A822CBAE1AE9D06700CE8CD9 /* ChatBoxView.swift */ = {isa = PBXFileReference; fileEncoding = 4; lastKnownFileType = sourcecode.swift; name = ChatBoxView.swift; path = UIExtensions/ChatBoxView.swift; sourceTree = "<group>"; };
		A822CBAF1AE9D06700CE8CD9 /* ColoredTabBarController.swift */ = {isa = PBXFileReference; fileEncoding = 4; lastKnownFileType = sourcecode.swift; name = ColoredTabBarController.swift; path = UIExtensions/ColoredTabBarController.swift; sourceTree = "<group>"; };
		A822CBB01AE9D06700CE8CD9 /* FAQTableViewCell.swift */ = {isa = PBXFileReference; fileEncoding = 4; lastKnownFileType = sourcecode.swift; name = FAQTableViewCell.swift; path = UIExtensions/FAQTableViewCell.swift; sourceTree = "<group>"; };
		A822CBB11AE9D06700CE8CD9 /* MedicalInquiryTableViewCell.swift */ = {isa = PBXFileReference; fileEncoding = 4; lastKnownFileType = sourcecode.swift; name = MedicalInquiryTableViewCell.swift; path = UIExtensions/MedicalInquiryTableViewCell.swift; sourceTree = "<group>"; };
		A822CBB21AE9D06700CE8CD9 /* MenuTableViewCell.swift */ = {isa = PBXFileReference; fileEncoding = 4; lastKnownFileType = sourcecode.swift; name = MenuTableViewCell.swift; path = UIExtensions/MenuTableViewCell.swift; sourceTree = "<group>"; };
		A822CBB31AE9D06700CE8CD9 /* PandaViewController.swift */ = {isa = PBXFileReference; fileEncoding = 4; lastKnownFileType = sourcecode.swift; name = PandaViewController.swift; path = UIExtensions/PandaViewController.swift; sourceTree = "<group>"; };
		A822CBB41AE9D06700CE8CD9 /* ProfileTableViewCell.swift */ = {isa = PBXFileReference; fileEncoding = 4; lastKnownFileType = sourcecode.swift; name = ProfileTableViewCell.swift; path = UIExtensions/ProfileTableViewCell.swift; sourceTree = "<group>"; };
		A822CBB51AE9D06700CE8CD9 /* PromoTableViewCell.swift */ = {isa = PBXFileReference; fileEncoding = 4; lastKnownFileType = sourcecode.swift; name = PromoTableViewCell.swift; path = UIExtensions/PromoTableViewCell.swift; sourceTree = "<group>"; };
		A822CBB61AE9D06700CE8CD9 /* SearchTypeTableViewCell.swift */ = {isa = PBXFileReference; fileEncoding = 4; lastKnownFileType = sourcecode.swift; name = SearchTypeTableViewCell.swift; path = UIExtensions/SearchTypeTableViewCell.swift; sourceTree = "<group>"; };
		A822CBB71AE9D06700CE8CD9 /* SplitTableViewCellWithTitle.swift */ = {isa = PBXFileReference; fileEncoding = 4; lastKnownFileType = sourcecode.swift; name = SplitTableViewCellWithTitle.swift; path = UIExtensions/SplitTableViewCellWithTitle.swift; sourceTree = "<group>"; };
		A822CBB81AE9D06700CE8CD9 /* TableViewCellWithButtonAndTitle.swift */ = {isa = PBXFileReference; fileEncoding = 4; lastKnownFileType = sourcecode.swift; name = TableViewCellWithButtonAndTitle.swift; path = UIExtensions/TableViewCellWithButtonAndTitle.swift; sourceTree = "<group>"; };
		A822CBB91AE9D06700CE8CD9 /* TableViewCellWithTextView.swift */ = {isa = PBXFileReference; fileEncoding = 4; lastKnownFileType = sourcecode.swift; name = TableViewCellWithTextView.swift; path = UIExtensions/TableViewCellWithTextView.swift; sourceTree = "<group>"; };
		A822CBBA1AE9D06700CE8CD9 /* TableViewCellWithTitle.swift */ = {isa = PBXFileReference; fileEncoding = 4; lastKnownFileType = sourcecode.swift; name = TableViewCellWithTitle.swift; path = UIExtensions/TableViewCellWithTitle.swift; sourceTree = "<group>"; };
		A822CBBB1AE9D06700CE8CD9 /* UINavigationControllerWithOrientation.swift */ = {isa = PBXFileReference; fileEncoding = 4; lastKnownFileType = sourcecode.swift; name = UINavigationControllerWithOrientation.swift; path = UIExtensions/UINavigationControllerWithOrientation.swift; sourceTree = "<group>"; };
		A822CBBC1AE9D06700CE8CD9 /* ZoneCallTableViewCell.swift */ = {isa = PBXFileReference; fileEncoding = 4; lastKnownFileType = sourcecode.swift; name = ZoneCallTableViewCell.swift; path = UIExtensions/ZoneCallTableViewCell.swift; sourceTree = "<group>"; };
		A822CBCF1AE9D26B00CE8CD9 /* Courgette-Regular.ttf */ = {isa = PBXFileReference; lastKnownFileType = file; name = "Courgette-Regular.ttf"; path = "resources/Courgette-Regular.ttf"; sourceTree = "<group>"; };
		A822CBD01AE9D26B00CE8CD9 /* LICENSE.txt */ = {isa = PBXFileReference; fileEncoding = 4; lastKnownFileType = text; name = LICENSE.txt; path = resources/LICENSE.txt; sourceTree = "<group>"; };
		A822CBD11AE9D26B00CE8CD9 /* OFL.txt */ = {isa = PBXFileReference; fileEncoding = 4; lastKnownFileType = text; name = OFL.txt; path = resources/OFL.txt; sourceTree = "<group>"; };
		A822CBD21AE9D26B00CE8CD9 /* OpenSans-Bold.ttf */ = {isa = PBXFileReference; lastKnownFileType = file; name = "OpenSans-Bold.ttf"; path = "resources/OpenSans-Bold.ttf"; sourceTree = "<group>"; };
		A822CBD31AE9D26B00CE8CD9 /* OpenSans-BoldItalic.ttf */ = {isa = PBXFileReference; lastKnownFileType = file; name = "OpenSans-BoldItalic.ttf"; path = "resources/OpenSans-BoldItalic.ttf"; sourceTree = "<group>"; };
		A822CBD41AE9D26B00CE8CD9 /* OpenSans-ExtraBold.ttf */ = {isa = PBXFileReference; lastKnownFileType = file; name = "OpenSans-ExtraBold.ttf"; path = "resources/OpenSans-ExtraBold.ttf"; sourceTree = "<group>"; };
		A822CBD51AE9D26B00CE8CD9 /* OpenSans-ExtraBoldItalic.ttf */ = {isa = PBXFileReference; lastKnownFileType = file; name = "OpenSans-ExtraBoldItalic.ttf"; path = "resources/OpenSans-ExtraBoldItalic.ttf"; sourceTree = "<group>"; };
		A822CBD61AE9D26B00CE8CD9 /* OpenSans-Italic.ttf */ = {isa = PBXFileReference; lastKnownFileType = file; name = "OpenSans-Italic.ttf"; path = "resources/OpenSans-Italic.ttf"; sourceTree = "<group>"; };
		A822CBD71AE9D26B00CE8CD9 /* OpenSans-Light.ttf */ = {isa = PBXFileReference; lastKnownFileType = file; name = "OpenSans-Light.ttf"; path = "resources/OpenSans-Light.ttf"; sourceTree = "<group>"; };
		A822CBD81AE9D26B00CE8CD9 /* OpenSans-LightItalic.ttf */ = {isa = PBXFileReference; lastKnownFileType = file; name = "OpenSans-LightItalic.ttf"; path = "resources/OpenSans-LightItalic.ttf"; sourceTree = "<group>"; };
		A822CBD91AE9D26B00CE8CD9 /* OpenSans-Regular.ttf */ = {isa = PBXFileReference; lastKnownFileType = file; name = "OpenSans-Regular.ttf"; path = "resources/OpenSans-Regular.ttf"; sourceTree = "<group>"; };
		A822CBDA1AE9D26B00CE8CD9 /* OpenSans-Semibold.ttf */ = {isa = PBXFileReference; lastKnownFileType = file; name = "OpenSans-Semibold.ttf"; path = "resources/OpenSans-Semibold.ttf"; sourceTree = "<group>"; };
		A822CBDB1AE9D26B00CE8CD9 /* OpenSans-SemiboldItalic.ttf */ = {isa = PBXFileReference; lastKnownFileType = file; name = "OpenSans-SemiboldItalic.ttf"; path = "resources/OpenSans-SemiboldItalic.ttf"; sourceTree = "<group>"; };
		A822CBEA1AE9D48000CE8CD9 /* HomeViewController.swift */ = {isa = PBXFileReference; fileEncoding = 4; lastKnownFileType = sourcecode.swift; path = HomeViewController.swift; sourceTree = "<group>"; };
		A822CBEE1AE9D70A00CE8CD9 /* ContactUsViewController.swift */ = {isa = PBXFileReference; fileEncoding = 4; lastKnownFileType = sourcecode.swift; name = ContactUsViewController.swift; path = "menu&menu-itemsVC/ContactUsViewController.swift"; sourceTree = "<group>"; };
		A822CBEF1AE9D70A00CE8CD9 /* EditProfileViewController.swift */ = {isa = PBXFileReference; fileEncoding = 4; lastKnownFileType = sourcecode.swift; name = EditProfileViewController.swift; path = "menu&menu-itemsVC/EditProfileViewController.swift"; sourceTree = "<group>"; };
		A822CBF01AE9D70A00CE8CD9 /* FAQViewController.swift */ = {isa = PBXFileReference; fileEncoding = 4; lastKnownFileType = sourcecode.swift; name = FAQViewController.swift; path = "menu&menu-itemsVC/FAQViewController.swift"; sourceTree = "<group>"; };
		A822CBF11AE9D70A00CE8CD9 /* MenuViewController.swift */ = {isa = PBXFileReference; fileEncoding = 4; lastKnownFileType = sourcecode.swift; name = MenuViewController.swift; path = "menu&menu-itemsVC/MenuViewController.swift"; sourceTree = "<group>"; };
		A822CBF21AE9D70A00CE8CD9 /* ProfileUIViewController.swift */ = {isa = PBXFileReference; fileEncoding = 4; lastKnownFileType = sourcecode.swift; name = ProfileUIViewController.swift; path = "menu&menu-itemsVC/ProfileUIViewController.swift"; sourceTree = "<group>"; };
		A822CBF31AE9D70A00CE8CD9 /* SettingsViewController.swift */ = {isa = PBXFileReference; fileEncoding = 4; lastKnownFileType = sourcecode.swift; name = SettingsViewController.swift; path = "menu&menu-itemsVC/SettingsViewController.swift"; sourceTree = "<group>"; };
		A822CBF41AE9D70A00CE8CD9 /* SupportViewController.swift */ = {isa = PBXFileReference; fileEncoding = 4; lastKnownFileType = sourcecode.swift; name = SupportViewController.swift; path = "menu&menu-itemsVC/SupportViewController.swift"; sourceTree = "<group>"; };
		A85AE7631AF0701700B537D4 /* Base */ = {isa = PBXFileReference; lastKnownFileType = file.xib; name = Base; path = Base.lproj/LaunchScreen.xib; sourceTree = "<group>"; };
		A8A491051B26F6080017324A /* AcceptCallTableViewCell.swift */ = {isa = PBXFileReference; fileEncoding = 4; lastKnownFileType = sourcecode.swift; name = AcceptCallTableViewCell.swift; path = UIExtensions/AcceptCallTableViewCell.swift; sourceTree = "<group>"; };
		A8BCC4111AFAD7C2001229E5 /* AttachmentListViewController.swift */ = {isa = PBXFileReference; fileEncoding = 4; lastKnownFileType = sourcecode.swift; name = AttachmentListViewController.swift; path = callVC/AttachmentListViewController.swift; sourceTree = "<group>"; };
		A8C739551AF2EDDA00A8DAAB /* CreateCallViewController.swift */ = {isa = PBXFileReference; fileEncoding = 4; lastKnownFileType = sourcecode.swift; name = CreateCallViewController.swift; path = callVC/CreateCallViewController.swift; sourceTree = "<group>"; };
		A8C739571AF3006F00A8DAAB /* Panda4rep-Bridging-Header.h */ = {isa = PBXFileReference; fileEncoding = 4; lastKnownFileType = sourcecode.c.h; path = "Panda4rep-Bridging-Header.h"; sourceTree = SOURCE_ROOT; };
		A8D7DADA1AFD5CE7008E2D29 /* DropboxListViewController.swift */ = {isa = PBXFileReference; fileEncoding = 4; lastKnownFileType = sourcecode.swift; name = DropboxListViewController.swift; path = callVC/DropboxListViewController.swift; sourceTree = "<group>"; };
		A8D7DADC1AFD7389008E2D29 /* TBScreenCapture.h */ = {isa = PBXFileReference; fileEncoding = 4; lastKnownFileType = sourcecode.c.h; name = TBScreenCapture.h; path = ScreenSharing/TBScreenCapture.h; sourceTree = "<group>"; };
		A8D7DADD1AFD7389008E2D29 /* TBScreenCapture.m */ = {isa = PBXFileReference; fileEncoding = 4; lastKnownFileType = sourcecode.c.objc; name = TBScreenCapture.m; path = ScreenSharing/TBScreenCapture.m; sourceTree = "<group>"; };
		A8D7DAE21AFD8F0E008E2D29 /* LinearInterpView.swift */ = {isa = PBXFileReference; fileEncoding = 4; lastKnownFileType = sourcecode.swift; path = LinearInterpView.swift; sourceTree = "<group>"; };
		A8D7DAE61B02D9AB008E2D29 /* VideoResourceViewController.swift */ = {isa = PBXFileReference; fileEncoding = 4; lastKnownFileType = sourcecode.swift; name = VideoResourceViewController.swift; path = callVC/VideoResourceViewController.swift; sourceTree = "<group>"; };
		A8D7DAE81B040CD0008E2D29 /* MPGTextField-Swift.swift */ = {isa = PBXFileReference; fileEncoding = 4; lastKnownFileType = sourcecode.swift; name = "MPGTextField-Swift.swift"; path = "components/MPGTextField-Swift.swift"; sourceTree = "<group>"; };
		A8D7DAEA1B040D33008E2D29 /* DoctorListViewController.swift */ = {isa = PBXFileReference; fileEncoding = 4; lastKnownFileType = sourcecode.swift; path = DoctorListViewController.swift; sourceTree = "<group>"; };
		A8DD82E21AF00AE60098B8C6 /* CallNewViewController.swift */ = {isa = PBXFileReference; fileEncoding = 4; lastKnownFileType = sourcecode.swift; name = CallNewViewController.swift; path = callVC/CallNewViewController.swift; sourceTree = "<group>"; };
		A8DD82E31AF00AE60098B8C6 /* ChatViewController.swift */ = {isa = PBXFileReference; fileEncoding = 4; lastKnownFileType = sourcecode.swift; name = ChatViewController.swift; path = callVC/ChatViewController.swift; sourceTree = "<group>"; };
		A8DD82E51AF00AE60098B8C6 /* PostCallNewViewController.swift */ = {isa = PBXFileReference; fileEncoding = 4; lastKnownFileType = sourcecode.swift; name = PostCallNewViewController.swift; path = callVC/PostCallNewViewController.swift; sourceTree = "<group>"; };
		A8DD82F11AF00D230098B8C6 /* PreCallViewController.swift */ = {isa = PBXFileReference; fileEncoding = 4; lastKnownFileType = sourcecode.swift; name = PreCallViewController.swift; path = callVC/PreCallViewController.swift; sourceTree = "<group>"; };
		A8E0DF6D1AF4417B0014CE59 /* TableViewCellWithLabelAndButton.swift */ = {isa = PBXFileReference; fileEncoding = 4; lastKnownFileType = sourcecode.swift; name = TableViewCellWithLabelAndButton.swift; path = UIExtensions/TableViewCellWithLabelAndButton.swift; sourceTree = "<group>"; };
		A8E0DF6F1AF85CA10014CE59 /* DashboardViewController.swift */ = {isa = PBXFileReference; fileEncoding = 4; lastKnownFileType = sourcecode.swift; path = DashboardViewController.swift; sourceTree = "<group>"; };
		AE634FD644A9D08072DB1C42 /* Pods.framework */ = {isa = PBXFileReference; explicitFileType = wrapper.framework; includeInIndex = 0; path = Pods.framework; sourceTree = BUILT_PRODUCTS_DIR; };
		BA1AA7D21A516DA900BCE29D /* FloatRatingView.swift */ = {isa = PBXFileReference; fileEncoding = 4; lastKnownFileType = sourcecode.swift; name = FloatRatingView.swift; path = components/FloatRatingView.swift; sourceTree = "<group>"; };
		BA226D4A1A404D9D00059267 /* Panda4rep.app */ = {isa = PBXFileReference; explicitFileType = wrapper.application; includeInIndex = 0; path = Panda4rep.app; sourceTree = BUILT_PRODUCTS_DIR; };
		BA226D4E1A404D9D00059267 /* Info.plist */ = {isa = PBXFileReference; lastKnownFileType = text.plist.xml; path = Info.plist; sourceTree = "<group>"; };
		BA226D4F1A404D9D00059267 /* AppDelegate.swift */ = {isa = PBXFileReference; lastKnownFileType = sourcecode.swift; path = AppDelegate.swift; sourceTree = "<group>"; };
		BA226D541A404D9D00059267 /* Base */ = {isa = PBXFileReference; lastKnownFileType = file.storyboard; name = Base; path = Base.lproj/Main.storyboard; sourceTree = "<group>"; };
		BA226D561A404D9D00059267 /* Images.xcassets */ = {isa = PBXFileReference; lastKnownFileType = folder.assetcatalog; path = Images.xcassets; sourceTree = "<group>"; };
		BA226D5F1A404D9D00059267 /* Panda4repTests.xctest */ = {isa = PBXFileReference; explicitFileType = wrapper.cfbundle; includeInIndex = 0; path = Panda4repTests.xctest; sourceTree = BUILT_PRODUCTS_DIR; };
		BA226D641A404D9D00059267 /* Info.plist */ = {isa = PBXFileReference; lastKnownFileType = text.plist.xml; path = Info.plist; sourceTree = "<group>"; };
		BA226D651A404D9D00059267 /* Panda4repTests.swift */ = {isa = PBXFileReference; lastKnownFileType = sourcecode.swift; path = Panda4repTests.swift; sourceTree = "<group>"; };
		BA226D821A404EFA00059267 /* libsqlite3.dylib */ = {isa = PBXFileReference; lastKnownFileType = "compiled.mach-o.dylib"; name = libsqlite3.dylib; path = usr/lib/libsqlite3.dylib; sourceTree = SDKROOT; };
		BA226D841A404F0400059267 /* CoreTelephony.framework */ = {isa = PBXFileReference; lastKnownFileType = wrapper.framework; name = CoreTelephony.framework; path = System/Library/Frameworks/CoreTelephony.framework; sourceTree = SDKROOT; };
		BA226D861A404F1100059267 /* SystemConfiguration.framework */ = {isa = PBXFileReference; lastKnownFileType = wrapper.framework; name = SystemConfiguration.framework; path = System/Library/Frameworks/SystemConfiguration.framework; sourceTree = SDKROOT; };
		BA226D881A404F1E00059267 /* OpenGLES.framework */ = {isa = PBXFileReference; lastKnownFileType = wrapper.framework; name = OpenGLES.framework; path = System/Library/Frameworks/OpenGLES.framework; sourceTree = SDKROOT; };
		BA226D8A1A404F2B00059267 /* CoreVideo.framework */ = {isa = PBXFileReference; lastKnownFileType = wrapper.framework; name = CoreVideo.framework; path = System/Library/Frameworks/CoreVideo.framework; sourceTree = SDKROOT; };
		BA226D8C1A404F3300059267 /* CoreMedia.framework */ = {isa = PBXFileReference; lastKnownFileType = wrapper.framework; name = CoreMedia.framework; path = System/Library/Frameworks/CoreMedia.framework; sourceTree = SDKROOT; };
		BA226D8E1A404F3D00059267 /* CoreGraphics.framework */ = {isa = PBXFileReference; lastKnownFileType = wrapper.framework; name = CoreGraphics.framework; path = System/Library/Frameworks/CoreGraphics.framework; sourceTree = SDKROOT; };
		BA226D901A404F4800059267 /* AudioToolbox.framework */ = {isa = PBXFileReference; lastKnownFileType = wrapper.framework; name = AudioToolbox.framework; path = System/Library/Frameworks/AudioToolbox.framework; sourceTree = SDKROOT; };
		BA226D921A404F5200059267 /* AVFoundation.framework */ = {isa = PBXFileReference; lastKnownFileType = wrapper.framework; name = AVFoundation.framework; path = System/Library/Frameworks/AVFoundation.framework; sourceTree = SDKROOT; };
		BA226D941A404F5A00059267 /* QuartzCore.framework */ = {isa = PBXFileReference; lastKnownFileType = wrapper.framework; name = QuartzCore.framework; path = System/Library/Frameworks/QuartzCore.framework; sourceTree = SDKROOT; };
		BA226D961A404F6300059267 /* UIKit.framework */ = {isa = PBXFileReference; lastKnownFileType = wrapper.framework; name = UIKit.framework; path = System/Library/Frameworks/UIKit.framework; sourceTree = SDKROOT; };
		BA226D981A404F7200059267 /* Foundation.framework */ = {isa = PBXFileReference; lastKnownFileType = wrapper.framework; name = Foundation.framework; path = System/Library/Frameworks/Foundation.framework; sourceTree = SDKROOT; };
		BA226D9A1A404F7F00059267 /* libstdc++.6.0.9.dylib */ = {isa = PBXFileReference; lastKnownFileType = "compiled.mach-o.dylib"; name = "libstdc++.6.0.9.dylib"; path = "usr/lib/libstdc++.6.0.9.dylib"; sourceTree = SDKROOT; };
		BA226D9C1A404F8A00059267 /* libpthread.dylib */ = {isa = PBXFileReference; lastKnownFileType = "compiled.mach-o.dylib"; name = libpthread.dylib; path = usr/lib/libpthread.dylib; sourceTree = SDKROOT; };
		BA226D9E1A404F9200059267 /* libxml2.dylib */ = {isa = PBXFileReference; lastKnownFileType = "compiled.mach-o.dylib"; name = libxml2.dylib; path = usr/lib/libxml2.dylib; sourceTree = SDKROOT; };
		BA5CD2341A5E89EE0029A690 /* Panda4rep.entitlements */ = {isa = PBXFileReference; lastKnownFileType = text.xml; path = Panda4rep.entitlements; sourceTree = "<group>"; };
		D45C1780166B5DA59456D2B7 /* Pods.release.xcconfig */ = {isa = PBXFileReference; includeInIndex = 1; lastKnownFileType = text.xcconfig; name = Pods.release.xcconfig; path = "Pods/Target Support Files/Pods/Pods.release.xcconfig"; sourceTree = "<group>"; };
/* End PBXFileReference section */

/* Begin PBXFrameworksBuildPhase section */
		BA226D471A404D9D00059267 /* Frameworks */ = {
			isa = PBXFrameworksBuildPhase;
			buildActionMask = 2147483647;
			files = (
				BA226D9F1A404F9200059267 /* libxml2.dylib in Frameworks */,
				BA226D9D1A404F8A00059267 /* libpthread.dylib in Frameworks */,
				BA226D9B1A404F7F00059267 /* libstdc++.6.0.9.dylib in Frameworks */,
				BA226D991A404F7200059267 /* Foundation.framework in Frameworks */,
				BA226D971A404F6300059267 /* UIKit.framework in Frameworks */,
				BA226D951A404F5A00059267 /* QuartzCore.framework in Frameworks */,
				BA226D931A404F5200059267 /* AVFoundation.framework in Frameworks */,
				BA226D911A404F4800059267 /* AudioToolbox.framework in Frameworks */,
				BA226D8F1A404F3D00059267 /* CoreGraphics.framework in Frameworks */,
				BA226D8D1A404F3300059267 /* CoreMedia.framework in Frameworks */,
				BA226D8B1A404F2B00059267 /* CoreVideo.framework in Frameworks */,
				BA226D891A404F1E00059267 /* OpenGLES.framework in Frameworks */,
				BA226D871A404F1100059267 /* SystemConfiguration.framework in Frameworks */,
				BA226D851A404F0400059267 /* CoreTelephony.framework in Frameworks */,
				BA226D831A404EFA00059267 /* libsqlite3.dylib in Frameworks */,
				0C174E9F00BE3FB1E9D9FB73 /* Pods.framework in Frameworks */,
			);
			runOnlyForDeploymentPostprocessing = 0;
		};
		BA226D5C1A404D9D00059267 /* Frameworks */ = {
			isa = PBXFrameworksBuildPhase;
			buildActionMask = 2147483647;
			files = (
			);
			runOnlyForDeploymentPostprocessing = 0;
		};
/* End PBXFrameworksBuildPhase section */

/* Begin PBXGroup section */
		07AB2EE9EEAA5996A5881995 /* Frameworks */ = {
			isa = PBXGroup;
			children = (
				AE634FD644A9D08072DB1C42 /* Pods.framework */,
			);
			name = Frameworks;
			sourceTree = "<group>";
		};
		3B59CB9FA5636AF0BC996205 /* Pods */ = {
			isa = PBXGroup;
			children = (
				8A183BC194C9A944FA3C1B3E /* Pods.debug.xcconfig */,
				D45C1780166B5DA59456D2B7 /* Pods.release.xcconfig */,
			);
			name = Pods;
			sourceTree = "<group>";
		};
		A822CB911AE9BD8A00CE8CD9 /* old */ = {
			isa = PBXGroup;
			children = (
				BA226D531A404D9D00059267 /* Main.storyboard */,
				A822CB601AE9BD6700CE8CD9 /* CallOfferViewController.swift */,
				A822CB621AE9BD6700CE8CD9 /* CallViewController.swift */,
				A822CB651AE9BD6700CE8CD9 /* MainViewController.swift */,
				A822CB661AE9BD6700CE8CD9 /* NotApprovedViewController.swift */,
				A822CB671AE9BD6700CE8CD9 /* PageContentViewController.swift */,
				A822CB681AE9BD6700CE8CD9 /* PostCallViewController.swift */,
				A822CB691AE9BD6700CE8CD9 /* PreCallViewController_old.swift */,
				A822CB6A1AE9BD6700CE8CD9 /* ProfileViewController.swift */,
				A822CB6B1AE9BD6700CE8CD9 /* RegisterViewController.swift */,
				A822CB6E1AE9BD6700CE8CD9 /* TestViewController.swift */,
				A822CB701AE9BD6700CE8CD9 /* TrainingCellView.swift */,
				A822CB711AE9BD6700CE8CD9 /* TrainingDetailViewController.swift */,
				A822CB721AE9BD6700CE8CD9 /* TrainingViewController.swift */,
				A822CB731AE9BD6700CE8CD9 /* UIAlertViewWithData.swift */,
				A822CB761AE9BD6700CE8CD9 /* WebResourceViewController.swift */,
				A822CB771AE9BD6700CE8CD9 /* WelcomeViewController.swift */,
			);
			name = old;
			sourceTree = "<group>";
		};
		A822CBA41AE9BDE200CE8CD9 /* utils */ = {
			isa = PBXGroup;
			children = (
				A822CBA51AE9BF7000CE8CD9 /* NetworkUtils.swift */,
				A822CB921AE9BDD800CE8CD9 /* CallUtils.swift */,
				A822CB931AE9BDD800CE8CD9 /* ColorUtils.swift */,
				A822CB941AE9BDD800CE8CD9 /* iOSVersion.swift */,
				A822CB951AE9BDD800CE8CD9 /* LoginUtils.swift */,
				A822CB961AE9BDD800CE8CD9 /* ServerAPI.swift */,
				A822CB971AE9BDD800CE8CD9 /* StorageUtils.swift */,
				A822CB981AE9BDD800CE8CD9 /* TimeUtils.swift */,
				A822CB9A1AE9BDD800CE8CD9 /* ViewUtils.swift */,
			);
			name = utils;
			sourceTree = "<group>";
		};
		A822CBAB1AE9CC7800CE8CD9 /* login&SignupVC */ = {
			isa = PBXGroup;
			children = (
				A822CBA71AE9CC5C00CE8CD9 /* LaunchViewController.swift */,
				A822CBA81AE9CC5C00CE8CD9 /* LoginViewController.swift */,
			);
			name = "login&SignupVC";
			sourceTree = "<group>";
		};
		A822CBCE1AE9D06D00CE8CD9 /* UIExtensions */ = {
			isa = PBXGroup;
			children = (
				A822CBAC1AE9D06700CE8CD9 /* ArticleTableViewCell.swift */,
				A822CBAD1AE9D06700CE8CD9 /* ButtonWithData.swift */,
				A822CBAE1AE9D06700CE8CD9 /* ChatBoxView.swift */,
				A822CBAF1AE9D06700CE8CD9 /* ColoredTabBarController.swift */,
				A822CBB01AE9D06700CE8CD9 /* FAQTableViewCell.swift */,
				A822CBB11AE9D06700CE8CD9 /* MedicalInquiryTableViewCell.swift */,
				A822CBB21AE9D06700CE8CD9 /* MenuTableViewCell.swift */,
				A822CBB31AE9D06700CE8CD9 /* PandaViewController.swift */,
				A822CBB41AE9D06700CE8CD9 /* ProfileTableViewCell.swift */,
				A822CBB51AE9D06700CE8CD9 /* PromoTableViewCell.swift */,
				A822CBB61AE9D06700CE8CD9 /* SearchTypeTableViewCell.swift */,
				A822CBB71AE9D06700CE8CD9 /* SplitTableViewCellWithTitle.swift */,
				A822CBB81AE9D06700CE8CD9 /* TableViewCellWithButtonAndTitle.swift */,
				A822CBB91AE9D06700CE8CD9 /* TableViewCellWithTextView.swift */,
				A822CBBA1AE9D06700CE8CD9 /* TableViewCellWithTitle.swift */,
				A822CBBB1AE9D06700CE8CD9 /* UINavigationControllerWithOrientation.swift */,
				A822CBBC1AE9D06700CE8CD9 /* ZoneCallTableViewCell.swift */,
				A8A491051B26F6080017324A /* AcceptCallTableViewCell.swift */,
				A8074D6A1AF2B1F700A25655 /* AttachmentTableViewCell.swift */,
				A8E0DF6D1AF4417B0014CE59 /* TableViewCellWithLabelAndButton.swift */,
			);
			name = UIExtensions;
			sourceTree = "<group>";
		};
		A822CBE91AE9D27300CE8CD9 /* resources */ = {
			isa = PBXGroup;
			children = (
				A822CBCF1AE9D26B00CE8CD9 /* Courgette-Regular.ttf */,
				A822CBD01AE9D26B00CE8CD9 /* LICENSE.txt */,
				A822CBD11AE9D26B00CE8CD9 /* OFL.txt */,
				A822CBD21AE9D26B00CE8CD9 /* OpenSans-Bold.ttf */,
				A822CBD31AE9D26B00CE8CD9 /* OpenSans-BoldItalic.ttf */,
				A822CBD41AE9D26B00CE8CD9 /* OpenSans-ExtraBold.ttf */,
				A822CBD51AE9D26B00CE8CD9 /* OpenSans-ExtraBoldItalic.ttf */,
				A822CBD61AE9D26B00CE8CD9 /* OpenSans-Italic.ttf */,
				A822CBD71AE9D26B00CE8CD9 /* OpenSans-Light.ttf */,
				A822CBD81AE9D26B00CE8CD9 /* OpenSans-LightItalic.ttf */,
				A822CBD91AE9D26B00CE8CD9 /* OpenSans-Regular.ttf */,
				A822CBDA1AE9D26B00CE8CD9 /* OpenSans-Semibold.ttf */,
				A822CBDB1AE9D26B00CE8CD9 /* OpenSans-SemiboldItalic.ttf */,
			);
			name = resources;
			sourceTree = "<group>";
		};
		A822CBFC1AE9D71000CE8CD9 /* menu&menu-itemsVC */ = {
			isa = PBXGroup;
			children = (
				A822CBEE1AE9D70A00CE8CD9 /* ContactUsViewController.swift */,
				A822CBEF1AE9D70A00CE8CD9 /* EditProfileViewController.swift */,
				A822CBF01AE9D70A00CE8CD9 /* FAQViewController.swift */,
				A822CBF11AE9D70A00CE8CD9 /* MenuViewController.swift */,
				A822CBF21AE9D70A00CE8CD9 /* ProfileUIViewController.swift */,
				A822CBF31AE9D70A00CE8CD9 /* SettingsViewController.swift */,
				A822CBF41AE9D70A00CE8CD9 /* SupportViewController.swift */,
			);
			name = "menu&menu-itemsVC";
			sourceTree = "<group>";
		};
		A8D7DADF1AFD738F008E2D29 /* screenSharing */ = {
			isa = PBXGroup;
			children = (
				A8D7DADC1AFD7389008E2D29 /* TBScreenCapture.h */,
				A8D7DADD1AFD7389008E2D29 /* TBScreenCapture.m */,
			);
			name = screenSharing;
			sourceTree = "<group>";
		};
		A8DD82F01AF00AF10098B8C6 /* callVC */ = {
			isa = PBXGroup;
			children = (
				A8DD82E21AF00AE60098B8C6 /* CallNewViewController.swift */,
				A8DD82E31AF00AE60098B8C6 /* ChatViewController.swift */,
				A8DD82E51AF00AE60098B8C6 /* PostCallNewViewController.swift */,
				A8DD82F11AF00D230098B8C6 /* PreCallViewController.swift */,
				A8C739551AF2EDDA00A8DAAB /* CreateCallViewController.swift */,
				A8BCC4111AFAD7C2001229E5 /* AttachmentListViewController.swift */,
				A8D7DADA1AFD5CE7008E2D29 /* DropboxListViewController.swift */,
				A8D7DAE61B02D9AB008E2D29 /* VideoResourceViewController.swift */,
			);
			name = callVC;
			sourceTree = "<group>";
		};
		BA1AA7D41A516DB900BCE29D /* components */ = {
			isa = PBXGroup;
			children = (
				A8D7DAE81B040CD0008E2D29 /* MPGTextField-Swift.swift */,
				A8074D681AF1655200A25655 /* AKPickerView.swift */,
				BA1AA7D21A516DA900BCE29D /* FloatRatingView.swift */,
			);
			name = components;
			sourceTree = "<group>";
		};
		BA226D411A404D9D00059267 = {
			isa = PBXGroup;
			children = (
				BA226D9E1A404F9200059267 /* libxml2.dylib */,
				BA226D9C1A404F8A00059267 /* libpthread.dylib */,
				BA226D9A1A404F7F00059267 /* libstdc++.6.0.9.dylib */,
				BA226D981A404F7200059267 /* Foundation.framework */,
				BA226D961A404F6300059267 /* UIKit.framework */,
				BA226D941A404F5A00059267 /* QuartzCore.framework */,
				BA226D921A404F5200059267 /* AVFoundation.framework */,
				BA226D901A404F4800059267 /* AudioToolbox.framework */,
				BA226D8E1A404F3D00059267 /* CoreGraphics.framework */,
				BA226D8C1A404F3300059267 /* CoreMedia.framework */,
				BA226D8A1A404F2B00059267 /* CoreVideo.framework */,
				BA226D881A404F1E00059267 /* OpenGLES.framework */,
				BA226D861A404F1100059267 /* SystemConfiguration.framework */,
				BA226D841A404F0400059267 /* CoreTelephony.framework */,
				BA226D821A404EFA00059267 /* libsqlite3.dylib */,
				BA226D4C1A404D9D00059267 /* Panda4rep */,
				BA226D621A404D9D00059267 /* Panda4repTests */,
				BA226D4B1A404D9D00059267 /* Products */,
				3B59CB9FA5636AF0BC996205 /* Pods */,
				07AB2EE9EEAA5996A5881995 /* Frameworks */,
			);
			sourceTree = "<group>";
		};
		BA226D4B1A404D9D00059267 /* Products */ = {
			isa = PBXGroup;
			children = (
				BA226D4A1A404D9D00059267 /* Panda4rep.app */,
				BA226D5F1A404D9D00059267 /* Panda4repTests.xctest */,
			);
			name = Products;
			sourceTree = "<group>";
		};
		BA226D4C1A404D9D00059267 /* Panda4rep */ = {
			isa = PBXGroup;
			children = (
				A8D7DADF1AFD738F008E2D29 /* screenSharing */,
				A85AE7621AF0701700B537D4 /* LaunchScreen.xib */,
				A8DD82F01AF00AF10098B8C6 /* callVC */,
				A822CBFC1AE9D71000CE8CD9 /* menu&menu-itemsVC */,
				A822CBE91AE9D27300CE8CD9 /* resources */,
				A822CBCE1AE9D06D00CE8CD9 /* UIExtensions */,
				A822CBAB1AE9CC7800CE8CD9 /* login&SignupVC */,
				A822CBA41AE9BDE200CE8CD9 /* utils */,
				A822CB911AE9BD8A00CE8CD9 /* old */,
				BA5CD2341A5E89EE0029A690 /* Panda4rep.entitlements */,
				BA1AA7D41A516DB900BCE29D /* components */,
				BA226D4F1A404D9D00059267 /* AppDelegate.swift */,
				BA226D561A404D9D00059267 /* Images.xcassets */,
				A822CB991AE9BDD800CE8CD9 /* UIEventRegister.swift */,
				BA226D4D1A404D9D00059267 /* Supporting Files */,
				A822CB5A1AE99F3900CE8CD9 /* universal.storyboard */,
				A822CBEA1AE9D48000CE8CD9 /* HomeViewController.swift */,
				A8E0DF6F1AF85CA10014CE59 /* DashboardViewController.swift */,
				A8D7DAE21AFD8F0E008E2D29 /* LinearInterpView.swift */,
				A8D7DAEA1B040D33008E2D29 /* DoctorListViewController.swift */,
			);
			path = Panda4rep;
			sourceTree = "<group>";
		};
		BA226D4D1A404D9D00059267 /* Supporting Files */ = {
			isa = PBXGroup;
			children = (
				A8C739571AF3006F00A8DAAB /* Panda4rep-Bridging-Header.h */,
				BA226D4E1A404D9D00059267 /* Info.plist */,
			);
			name = "Supporting Files";
			sourceTree = "<group>";
		};
		BA226D621A404D9D00059267 /* Panda4repTests */ = {
			isa = PBXGroup;
			children = (
				BA226D651A404D9D00059267 /* Panda4repTests.swift */,
				BA226D631A404D9D00059267 /* Supporting Files */,
			);
			path = Panda4repTests;
			sourceTree = "<group>";
		};
		BA226D631A404D9D00059267 /* Supporting Files */ = {
			isa = PBXGroup;
			children = (
				BA226D641A404D9D00059267 /* Info.plist */,
			);
			name = "Supporting Files";
			sourceTree = "<group>";
		};
/* End PBXGroup section */

/* Begin PBXNativeTarget section */
		BA226D491A404D9D00059267 /* Panda4rep */ = {
			isa = PBXNativeTarget;
			buildConfigurationList = BA226D691A404D9D00059267 /* Build configuration list for PBXNativeTarget "Panda4rep" */;
			buildPhases = (
				91495683A7C255648D444590 /* Check Pods Manifest.lock */,
				BA226D461A404D9D00059267 /* Sources */,
				BA226D471A404D9D00059267 /* Frameworks */,
				BA226D481A404D9D00059267 /* Resources */,
				BA1AA7CA1A516AF000BCE29D /* Embed Frameworks */,
				2FBD6F89774E983ABA036D96 /* Copy Pods Resources */,
				1909A232F0D0D13204042C2B /* Embed Pods Frameworks */,
			);
			buildRules = (
			);
			dependencies = (
			);
			name = Panda4rep;
			productName = Panda4rep;
			productReference = BA226D4A1A404D9D00059267 /* Panda4rep.app */;
			productType = "com.apple.product-type.application";
		};
		BA226D5E1A404D9D00059267 /* Panda4repTests */ = {
			isa = PBXNativeTarget;
			buildConfigurationList = BA226D6C1A404D9D00059267 /* Build configuration list for PBXNativeTarget "Panda4repTests" */;
			buildPhases = (
				BA226D5B1A404D9D00059267 /* Sources */,
				BA226D5C1A404D9D00059267 /* Frameworks */,
				BA226D5D1A404D9D00059267 /* Resources */,
			);
			buildRules = (
			);
			dependencies = (
				BA226D611A404D9D00059267 /* PBXTargetDependency */,
			);
			name = Panda4repTests;
			productName = Panda4repTests;
			productReference = BA226D5F1A404D9D00059267 /* Panda4repTests.xctest */;
			productType = "com.apple.product-type.bundle.unit-test";
		};
/* End PBXNativeTarget section */

/* Begin PBXProject section */
		BA226D421A404D9D00059267 /* Project object */ = {
			isa = PBXProject;
			attributes = {
				LastUpgradeCheck = 0610;
				ORGANIZATIONNAME = Erez;
				TargetAttributes = {
					BA226D491A404D9D00059267 = {
						CreatedOnToolsVersion = 6.1.1;
						DevelopmentTeam = 3QCZR49TV4;
						SystemCapabilities = {
							com.apple.BackgroundModes = {
								enabled = 1;
							};
							com.apple.HealthKit = {
								enabled = 0;
							};
						};
					};
					BA226D5E1A404D9D00059267 = {
						CreatedOnToolsVersion = 6.1.1;
						TestTargetID = BA226D491A404D9D00059267;
					};
				};
			};
			buildConfigurationList = BA226D451A404D9D00059267 /* Build configuration list for PBXProject "Panda4rep" */;
			compatibilityVersion = "Xcode 3.2";
			developmentRegion = English;
			hasScannedForEncodings = 0;
			knownRegions = (
				en,
				Base,
			);
			mainGroup = BA226D411A404D9D00059267;
			productRefGroup = BA226D4B1A404D9D00059267 /* Products */;
			projectDirPath = "";
			projectRoot = "";
			targets = (
				BA226D491A404D9D00059267 /* Panda4rep */,
				BA226D5E1A404D9D00059267 /* Panda4repTests */,
			);
		};
/* End PBXProject section */

/* Begin PBXResourcesBuildPhase section */
		BA226D481A404D9D00059267 /* Resources */ = {
			isa = PBXResourcesBuildPhase;
			buildActionMask = 2147483647;
			files = (
				A822CBE41AE9D26B00CE8CD9 /* OpenSans-Light.ttf in Resources */,
				A822CBDE1AE9D26B00CE8CD9 /* OFL.txt in Resources */,
				A822CBE51AE9D26B00CE8CD9 /* OpenSans-LightItalic.ttf in Resources */,
				A822CBDD1AE9D26B00CE8CD9 /* LICENSE.txt in Resources */,
				A822CBE71AE9D26B00CE8CD9 /* OpenSans-Semibold.ttf in Resources */,
				A822CBE81AE9D26B00CE8CD9 /* OpenSans-SemiboldItalic.ttf in Resources */,
				A822CBDF1AE9D26B00CE8CD9 /* OpenSans-Bold.ttf in Resources */,
				A822CB5B1AE99F3900CE8CD9 /* universal.storyboard in Resources */,
				A822CBDC1AE9D26B00CE8CD9 /* Courgette-Regular.ttf in Resources */,
				A822CBE01AE9D26B00CE8CD9 /* OpenSans-BoldItalic.ttf in Resources */,
				A822CBE61AE9D26B00CE8CD9 /* OpenSans-Regular.ttf in Resources */,
				BA226D571A404D9D00059267 /* Images.xcassets in Resources */,
				A85AE7641AF0701700B537D4 /* LaunchScreen.xib in Resources */,
				A822CBE31AE9D26B00CE8CD9 /* OpenSans-Italic.ttf in Resources */,
				A822CBE21AE9D26B00CE8CD9 /* OpenSans-ExtraBoldItalic.ttf in Resources */,
				A822CBE11AE9D26B00CE8CD9 /* OpenSans-ExtraBold.ttf in Resources */,
			);
			runOnlyForDeploymentPostprocessing = 0;
		};
		BA226D5D1A404D9D00059267 /* Resources */ = {
			isa = PBXResourcesBuildPhase;
			buildActionMask = 2147483647;
			files = (
			);
			runOnlyForDeploymentPostprocessing = 0;
		};
/* End PBXResourcesBuildPhase section */

/* Begin PBXShellScriptBuildPhase section */
		1909A232F0D0D13204042C2B /* Embed Pods Frameworks */ = {
			isa = PBXShellScriptBuildPhase;
			buildActionMask = 2147483647;
			files = (
			);
			inputPaths = (
			);
			name = "Embed Pods Frameworks";
			outputPaths = (
			);
			runOnlyForDeploymentPostprocessing = 0;
			shellPath = /bin/sh;
			shellScript = "\"${SRCROOT}/Pods/Target Support Files/Pods/Pods-frameworks.sh\"\n";
			showEnvVarsInLog = 0;
		};
		2FBD6F89774E983ABA036D96 /* Copy Pods Resources */ = {
			isa = PBXShellScriptBuildPhase;
			buildActionMask = 2147483647;
			files = (
			);
			inputPaths = (
			);
			name = "Copy Pods Resources";
			outputPaths = (
			);
			runOnlyForDeploymentPostprocessing = 0;
			shellPath = /bin/sh;
			shellScript = "\"${SRCROOT}/Pods/Target Support Files/Pods/Pods-resources.sh\"\n";
			showEnvVarsInLog = 0;
		};
		91495683A7C255648D444590 /* Check Pods Manifest.lock */ = {
			isa = PBXShellScriptBuildPhase;
			buildActionMask = 2147483647;
			files = (
			);
			inputPaths = (
			);
			name = "Check Pods Manifest.lock";
			outputPaths = (
			);
			runOnlyForDeploymentPostprocessing = 0;
			shellPath = /bin/sh;
			shellScript = "diff \"${PODS_ROOT}/../Podfile.lock\" \"${PODS_ROOT}/Manifest.lock\" > /dev/null\nif [[ $? != 0 ]] ; then\n    cat << EOM\nerror: The sandbox is not in sync with the Podfile.lock. Run 'pod install' or update your CocoaPods installation.\nEOM\n    exit 1\nfi\n";
			showEnvVarsInLog = 0;
		};
/* End PBXShellScriptBuildPhase section */

/* Begin PBXSourcesBuildPhase section */
		BA226D461A404D9D00059267 /* Sources */ = {
			isa = PBXSourcesBuildPhase;
			buildActionMask = 2147483647;
			files = (
				A822CBC01AE9D06700CE8CD9 /* ColoredTabBarController.swift in Sources */,
				A822CBCD1AE9D06700CE8CD9 /* ZoneCallTableViewCell.swift in Sources */,
				BA226D501A404D9D00059267 /* AppDelegate.swift in Sources */,
				A822CB861AE9BD6700CE8CD9 /* TestViewController.swift in Sources */,
				A822CBC61AE9D06700CE8CD9 /* PromoTableViewCell.swift in Sources */,
				A822CBC91AE9D06700CE8CD9 /* TableViewCellWithButtonAndTitle.swift in Sources */,
				A822CBA11AE9BDD800CE8CD9 /* TimeUtils.swift in Sources */,
				A822CBF81AE9D70A00CE8CD9 /* MenuViewController.swift in Sources */,
				A822CB8A1AE9BD6700CE8CD9 /* TrainingViewController.swift in Sources */,
				A8DD82EC1AF00AE70098B8C6 /* PostCallNewViewController.swift in Sources */,
				A8D7DAE91B040CD0008E2D29 /* MPGTextField-Swift.swift in Sources */,
				A822CB9F1AE9BDD800CE8CD9 /* ServerAPI.swift in Sources */,
				A822CB781AE9BD6700CE8CD9 /* CallOfferViewController.swift in Sources */,
				BA1AA7D31A516DA900BCE29D /* FloatRatingView.swift in Sources */,
				A822CBEB1AE9D48000CE8CD9 /* HomeViewController.swift in Sources */,
				A8A491061B26F6080017324A /* AcceptCallTableViewCell.swift in Sources */,
				A822CBFB1AE9D70A00CE8CD9 /* SupportViewController.swift in Sources */,
				A822CB7A1AE9BD6700CE8CD9 /* CallViewController.swift in Sources */,
				A822CB9D1AE9BDD800CE8CD9 /* iOSVersion.swift in Sources */,
				A822CB881AE9BD6700CE8CD9 /* TrainingCellView.swift in Sources */,
				A822CB9B1AE9BDD800CE8CD9 /* CallUtils.swift in Sources */,
				A8074D6B1AF2B1F700A25655 /* AttachmentTableViewCell.swift in Sources */,
				A822CBF51AE9D70A00CE8CD9 /* ContactUsViewController.swift in Sources */,
				A8D7DAE31AFD8F0E008E2D29 /* LinearInterpView.swift in Sources */,
				A822CBC31AE9D06700CE8CD9 /* MenuTableViewCell.swift in Sources */,
				A822CBAA1AE9CC5C00CE8CD9 /* LoginViewController.swift in Sources */,
				A822CB891AE9BD6700CE8CD9 /* TrainingDetailViewController.swift in Sources */,
				A822CB8E1AE9BD6700CE8CD9 /* WebResourceViewController.swift in Sources */,
				A822CBBE1AE9D06700CE8CD9 /* ButtonWithData.swift in Sources */,
				A822CB9C1AE9BDD800CE8CD9 /* ColorUtils.swift in Sources */,
				A8D7DADE1AFD7389008E2D29 /* TBScreenCapture.m in Sources */,
				A822CBF91AE9D70A00CE8CD9 /* ProfileUIViewController.swift in Sources */,
				A8BCC4121AFAD7C2001229E5 /* AttachmentListViewController.swift in Sources */,
				A8D7DADB1AFD5CE7008E2D29 /* DropboxListViewController.swift in Sources */,
				A8DD82F21AF00D230098B8C6 /* PreCallViewController.swift in Sources */,
				A822CBC41AE9D06700CE8CD9 /* PandaViewController.swift in Sources */,
				A822CBF71AE9D70A00CE8CD9 /* FAQViewController.swift in Sources */,
				A822CB9E1AE9BDD800CE8CD9 /* LoginUtils.swift in Sources */,
				A822CBA01AE9BDD800CE8CD9 /* StorageUtils.swift in Sources */,
				A822CBA31AE9BDD800CE8CD9 /* ViewUtils.swift in Sources */,
				A822CBC21AE9D06700CE8CD9 /* MedicalInquiryTableViewCell.swift in Sources */,
				A822CBC11AE9D06700CE8CD9 /* FAQTableViewCell.swift in Sources */,
				A822CB7F1AE9BD6700CE8CD9 /* PageContentViewController.swift in Sources */,
				A822CBCA1AE9D06700CE8CD9 /* TableViewCellWithTextView.swift in Sources */,
				A8C739561AF2EDDA00A8DAAB /* CreateCallViewController.swift in Sources */,
				A822CB811AE9BD6700CE8CD9 /* PreCallViewController_old.swift in Sources */,
				A822CB831AE9BD6700CE8CD9 /* RegisterViewController.swift in Sources */,
				A822CBA61AE9BF7000CE8CD9 /* NetworkUtils.swift in Sources */,
				A822CBA91AE9CC5C00CE8CD9 /* LaunchViewController.swift in Sources */,
				A822CB8F1AE9BD6700CE8CD9 /* WelcomeViewController.swift in Sources */,
				A822CBCC1AE9D06700CE8CD9 /* UINavigationControllerWithOrientation.swift in Sources */,
				A822CB8B1AE9BD6700CE8CD9 /* UIAlertViewWithData.swift in Sources */,
				A822CB7D1AE9BD6700CE8CD9 /* MainViewController.swift in Sources */,
				A822CBC51AE9D06700CE8CD9 /* ProfileTableViewCell.swift in Sources */,
				A822CB821AE9BD6700CE8CD9 /* ProfileViewController.swift in Sources */,
				A8D7DAE71B02D9AB008E2D29 /* VideoResourceViewController.swift in Sources */,
				A822CBBD1AE9D06700CE8CD9 /* ArticleTableViewCell.swift in Sources */,
				A822CBBF1AE9D06700CE8CD9 /* ChatBoxView.swift in Sources */,
				A822CBA21AE9BDD800CE8CD9 /* UIEventRegister.swift in Sources */,
				A8074D691AF1655200A25655 /* AKPickerView.swift in Sources */,
				A822CBC71AE9D06700CE8CD9 /* SearchTypeTableViewCell.swift in Sources */,
				A8DD82EA1AF00AE70098B8C6 /* ChatViewController.swift in Sources */,
				A822CBCB1AE9D06700CE8CD9 /* TableViewCellWithTitle.swift in Sources */,
				A822CBC81AE9D06700CE8CD9 /* SplitTableViewCellWithTitle.swift in Sources */,
				A8DD82E91AF00AE70098B8C6 /* CallNewViewController.swift in Sources */,
				A822CB801AE9BD6700CE8CD9 /* PostCallViewController.swift in Sources */,
				A8E0DF6E1AF4417B0014CE59 /* TableViewCellWithLabelAndButton.swift in Sources */,
				A822CBF61AE9D70A00CE8CD9 /* EditProfileViewController.swift in Sources */,
				A822CB7E1AE9BD6700CE8CD9 /* NotApprovedViewController.swift in Sources */,
				A822CBFA1AE9D70A00CE8CD9 /* SettingsViewController.swift in Sources */,
				A8E0DF701AF85CA10014CE59 /* DashboardViewController.swift in Sources */,
				A8D7DAEB1B040D33008E2D29 /* DoctorListViewController.swift in Sources */,
			);
			runOnlyForDeploymentPostprocessing = 0;
		};
		BA226D5B1A404D9D00059267 /* Sources */ = {
			isa = PBXSourcesBuildPhase;
			buildActionMask = 2147483647;
			files = (
				BA226D661A404D9D00059267 /* Panda4repTests.swift in Sources */,
			);
			runOnlyForDeploymentPostprocessing = 0;
		};
/* End PBXSourcesBuildPhase section */

/* Begin PBXTargetDependency section */
		BA226D611A404D9D00059267 /* PBXTargetDependency */ = {
			isa = PBXTargetDependency;
			target = BA226D491A404D9D00059267 /* Panda4rep */;
			targetProxy = BA226D601A404D9D00059267 /* PBXContainerItemProxy */;
		};
/* End PBXTargetDependency section */

/* Begin PBXVariantGroup section */
		A85AE7621AF0701700B537D4 /* LaunchScreen.xib */ = {
			isa = PBXVariantGroup;
			children = (
				A85AE7631AF0701700B537D4 /* Base */,
			);
			name = LaunchScreen.xib;
			sourceTree = "<group>";
		};
		BA226D531A404D9D00059267 /* Main.storyboard */ = {
			isa = PBXVariantGroup;
			children = (
				BA226D541A404D9D00059267 /* Base */,
			);
			name = Main.storyboard;
			sourceTree = "<group>";
		};
/* End PBXVariantGroup section */

/* Begin XCBuildConfiguration section */
		BA226D671A404D9D00059267 /* Debug */ = {
			isa = XCBuildConfiguration;
			buildSettings = {
				ALWAYS_SEARCH_USER_PATHS = NO;
				CLANG_CXX_LANGUAGE_STANDARD = "gnu++0x";
				CLANG_CXX_LIBRARY = "libc++";
				CLANG_ENABLE_MODULES = YES;
				CLANG_ENABLE_OBJC_ARC = YES;
				CLANG_WARN_BOOL_CONVERSION = YES;
				CLANG_WARN_CONSTANT_CONVERSION = YES;
				CLANG_WARN_DIRECT_OBJC_ISA_USAGE = YES_ERROR;
				CLANG_WARN_EMPTY_BODY = YES;
				CLANG_WARN_ENUM_CONVERSION = YES;
				CLANG_WARN_INT_CONVERSION = YES;
				CLANG_WARN_OBJC_ROOT_CLASS = YES_ERROR;
				CLANG_WARN_UNREACHABLE_CODE = YES;
				CLANG_WARN__DUPLICATE_METHOD_MATCH = YES;
				CODE_SIGN_IDENTITY = "iPhone Developer";
				"CODE_SIGN_IDENTITY[sdk=iphoneos*]" = "iPhone Developer";
				COPY_PHASE_STRIP = NO;
				ENABLE_STRICT_OBJC_MSGSEND = YES;
				GCC_C_LANGUAGE_STANDARD = gnu99;
				GCC_DYNAMIC_NO_PIC = NO;
				GCC_OPTIMIZATION_LEVEL = 0;
				GCC_PREPROCESSOR_DEFINITIONS = (
					"DEBUG=1",
					"$(inherited)",
				);
				GCC_SYMBOLS_PRIVATE_EXTERN = NO;
				GCC_WARN_64_TO_32_BIT_CONVERSION = YES;
				GCC_WARN_ABOUT_RETURN_TYPE = YES_ERROR;
				GCC_WARN_UNDECLARED_SELECTOR = YES;
				GCC_WARN_UNINITIALIZED_AUTOS = YES_AGGRESSIVE;
				GCC_WARN_UNUSED_FUNCTION = YES;
				GCC_WARN_UNUSED_VARIABLE = YES;
				IPHONEOS_DEPLOYMENT_TARGET = 8.0;
				MTL_ENABLE_DEBUG_INFO = YES;
				ONLY_ACTIVE_ARCH = YES;
				PROVISIONING_PROFILE = "";
				SDKROOT = iphoneos;
				SWIFT_OPTIMIZATION_LEVEL = "-Onone";
				TARGETED_DEVICE_FAMILY = "1,2";
			};
			name = Debug;
		};
		BA226D681A404D9D00059267 /* Release */ = {
			isa = XCBuildConfiguration;
			buildSettings = {
				ALWAYS_SEARCH_USER_PATHS = NO;
				CLANG_CXX_LANGUAGE_STANDARD = "gnu++0x";
				CLANG_CXX_LIBRARY = "libc++";
				CLANG_ENABLE_MODULES = YES;
				CLANG_ENABLE_OBJC_ARC = YES;
				CLANG_WARN_BOOL_CONVERSION = YES;
				CLANG_WARN_CONSTANT_CONVERSION = YES;
				CLANG_WARN_DIRECT_OBJC_ISA_USAGE = YES_ERROR;
				CLANG_WARN_EMPTY_BODY = YES;
				CLANG_WARN_ENUM_CONVERSION = YES;
				CLANG_WARN_INT_CONVERSION = YES;
				CLANG_WARN_OBJC_ROOT_CLASS = YES_ERROR;
				CLANG_WARN_UNREACHABLE_CODE = YES;
				CLANG_WARN__DUPLICATE_METHOD_MATCH = YES;
				CODE_SIGN_IDENTITY = "iPhone Developer";
				"CODE_SIGN_IDENTITY[sdk=iphoneos*]" = "iPhone Developer";
				COPY_PHASE_STRIP = YES;
				ENABLE_NS_ASSERTIONS = NO;
				ENABLE_STRICT_OBJC_MSGSEND = YES;
				GCC_C_LANGUAGE_STANDARD = gnu99;
				GCC_WARN_64_TO_32_BIT_CONVERSION = YES;
				GCC_WARN_ABOUT_RETURN_TYPE = YES_ERROR;
				GCC_WARN_UNDECLARED_SELECTOR = YES;
				GCC_WARN_UNINITIALIZED_AUTOS = YES_AGGRESSIVE;
				GCC_WARN_UNUSED_FUNCTION = YES;
				GCC_WARN_UNUSED_VARIABLE = YES;
				IPHONEOS_DEPLOYMENT_TARGET = 8.0;
				MTL_ENABLE_DEBUG_INFO = NO;
				PROVISIONING_PROFILE = "";
				SDKROOT = iphoneos;
				TARGETED_DEVICE_FAMILY = "1,2";
				VALIDATE_PRODUCT = YES;
			};
			name = Release;
		};
		BA226D6A1A404D9D00059267 /* Debug */ = {
			isa = XCBuildConfiguration;
			baseConfigurationReference = 8A183BC194C9A944FA3C1B3E /* Pods.debug.xcconfig */;
			buildSettings = {
				ASSETCATALOG_COMPILER_APPICON_NAME = AppIcon;
				CODE_SIGN_IDENTITY = "iPhone Developer";
				"CODE_SIGN_IDENTITY[sdk=iphoneos*]" = "iPhone Developer";
				FRAMEWORK_SEARCH_PATHS = (
					"$(inherited)",
					"$(PROJECT_DIR)/Panda4rep",
				);
				INFOPLIST_FILE = Panda4rep/Info.plist;
				IPHONEOS_DEPLOYMENT_TARGET = 8.0;
				LD_RUNPATH_SEARCH_PATHS = "$(inherited) @executable_path/Frameworks";
				ONLY_ACTIVE_ARCH = YES;
				OTHER_LDFLAGS = "$(inherited)";
				PRODUCT_NAME = "$(TARGET_NAME)";
				PROVISIONING_PROFILE = "";
				SWIFT_OBJC_BRIDGING_HEADER = "Panda4rep-Bridging-Header.h";
				TARGETED_DEVICE_FAMILY = "1,2";
				VALID_ARCHS = "armv7 arm64";
			};
			name = Debug;
		};
		BA226D6B1A404D9D00059267 /* Release */ = {
			isa = XCBuildConfiguration;
			baseConfigurationReference = D45C1780166B5DA59456D2B7 /* Pods.release.xcconfig */;
			buildSettings = {
				ASSETCATALOG_COMPILER_APPICON_NAME = AppIcon;
				CODE_SIGN_IDENTITY = "iPhone Developer";
				"CODE_SIGN_IDENTITY[sdk=iphoneos*]" = "iPhone Developer";
				FRAMEWORK_SEARCH_PATHS = (
					"$(inherited)",
					"$(PROJECT_DIR)/Panda4rep",
				);
				INFOPLIST_FILE = Panda4rep/Info.plist;
				IPHONEOS_DEPLOYMENT_TARGET = 8.0;
				LD_RUNPATH_SEARCH_PATHS = "$(inherited) @executable_path/Frameworks";
				ONLY_ACTIVE_ARCH = NO;
				OTHER_LDFLAGS = "$(inherited)";
				PRODUCT_NAME = "$(TARGET_NAME)";
				PROVISIONING_PROFILE = "";
				SWIFT_OBJC_BRIDGING_HEADER = "Panda4rep-Bridging-Header.h";
				TARGETED_DEVICE_FAMILY = "1,2";
				VALID_ARCHS = "armv7 arm64";
			};
			name = Release;
		};
		BA226D6D1A404D9D00059267 /* Debug */ = {
			isa = XCBuildConfiguration;
			buildSettings = {
				BUNDLE_LOADER = "$(TEST_HOST)";
				FRAMEWORK_SEARCH_PATHS = (
					"$(SDKROOT)/Developer/Library/Frameworks",
					"$(inherited)",
				);
				GCC_PREPROCESSOR_DEFINITIONS = (
					"DEBUG=1",
					"$(inherited)",
				);
				INFOPLIST_FILE = Panda4repTests/Info.plist;
				LD_RUNPATH_SEARCH_PATHS = "$(inherited) @executable_path/Frameworks @loader_path/Frameworks";
				PRODUCT_NAME = "$(TARGET_NAME)";
				TEST_HOST = "$(BUILT_PRODUCTS_DIR)/Panda4rep.app/Panda4rep";
			};
			name = Debug;
		};
		BA226D6E1A404D9D00059267 /* Release */ = {
			isa = XCBuildConfiguration;
			buildSettings = {
				BUNDLE_LOADER = "$(TEST_HOST)";
				FRAMEWORK_SEARCH_PATHS = (
					"$(SDKROOT)/Developer/Library/Frameworks",
					"$(inherited)",
				);
				INFOPLIST_FILE = Panda4repTests/Info.plist;
				LD_RUNPATH_SEARCH_PATHS = "$(inherited) @executable_path/Frameworks @loader_path/Frameworks";
				PRODUCT_NAME = "$(TARGET_NAME)";
				TEST_HOST = "$(BUILT_PRODUCTS_DIR)/Panda4rep.app/Panda4rep";
			};
			name = Release;
		};
/* End XCBuildConfiguration section */

/* Begin XCConfigurationList section */
		BA226D451A404D9D00059267 /* Build configuration list for PBXProject "Panda4rep" */ = {
			isa = XCConfigurationList;
			buildConfigurations = (
				BA226D671A404D9D00059267 /* Debug */,
				BA226D681A404D9D00059267 /* Release */,
			);
			defaultConfigurationIsVisible = 0;
			defaultConfigurationName = Release;
		};
		BA226D691A404D9D00059267 /* Build configuration list for PBXNativeTarget "Panda4rep" */ = {
			isa = XCConfigurationList;
			buildConfigurations = (
				BA226D6A1A404D9D00059267 /* Debug */,
				BA226D6B1A404D9D00059267 /* Release */,
			);
			defaultConfigurationIsVisible = 0;
			defaultConfigurationName = Release;
		};
		BA226D6C1A404D9D00059267 /* Build configuration list for PBXNativeTarget "Panda4repTests" */ = {
			isa = XCConfigurationList;
			buildConfigurations = (
				BA226D6D1A404D9D00059267 /* Debug */,
				BA226D6E1A404D9D00059267 /* Release */,
			);
			defaultConfigurationIsVisible = 0;
			defaultConfigurationName = Release;
		};
/* End XCConfigurationList section */
	};
	rootObject = BA226D421A404D9D00059267 /* Project object */;
}
