// !$*UTF8*$!
{
	archiveVersion = 1;
	classes = {
	};
	objectVersion = 46;
	objects = {

/* Begin PBXBuildFile section */
		BA1AA7991A4BF82D00BCE29D /* CallOfferViewController.swift in Sources */ = {isa = PBXBuildFile; fileRef = BA1AA7981A4BF82D00BCE29D /* CallOfferViewController.swift */; };
		BA1AA79B1A4C2AA100BCE29D /* StorageUtils.swift in Sources */ = {isa = PBXBuildFile; fileRef = BA1AA79A1A4C2AA100BCE29D /* StorageUtils.swift */; };
		BA1AA79D1A5006D000BCE29D /* TestViewController.swift in Sources */ = {isa = PBXBuildFile; fileRef = BA1AA79C1A5006D000BCE29D /* TestViewController.swift */; };
		BA1AA79F1A5014B500BCE29D /* TrainingCellView.swift in Sources */ = {isa = PBXBuildFile; fileRef = BA1AA79E1A5014B500BCE29D /* TrainingCellView.swift */; };
		BA1AA7A11A5159B500BCE29D /* PostCallViewController.swift in Sources */ = {isa = PBXBuildFile; fileRef = BA1AA7A01A5159B500BCE29D /* PostCallViewController.swift */; };
		BA1AA7D31A516DA900BCE29D /* FloatRatingView.swift in Sources */ = {isa = PBXBuildFile; fileRef = BA1AA7D21A516DA900BCE29D /* FloatRatingView.swift */; };
		BA226D501A404D9D00059267 /* AppDelegate.swift in Sources */ = {isa = PBXBuildFile; fileRef = BA226D4F1A404D9D00059267 /* AppDelegate.swift */; };
		BA226D551A404D9D00059267 /* Main.storyboard in Resources */ = {isa = PBXBuildFile; fileRef = BA226D531A404D9D00059267 /* Main.storyboard */; };
		BA226D571A404D9D00059267 /* Images.xcassets in Resources */ = {isa = PBXBuildFile; fileRef = BA226D561A404D9D00059267 /* Images.xcassets */; };
		BA226D5A1A404D9D00059267 /* LaunchScreen.xib in Resources */ = {isa = PBXBuildFile; fileRef = BA226D581A404D9D00059267 /* LaunchScreen.xib */; };
		BA226D661A404D9D00059267 /* Panda4repTests.swift in Sources */ = {isa = PBXBuildFile; fileRef = BA226D651A404D9D00059267 /* Panda4repTests.swift */; };
		BA226D811A404EC800059267 /* OpenTok.framework in Frameworks */ = {isa = PBXBuildFile; fileRef = BA226D801A404EC800059267 /* OpenTok.framework */; };
		BA226D831A404EFA00059267 /* libsqlite3.dylib in Frameworks */ = {isa = PBXBuildFile; fileRef = BA226D821A404EFA00059267 /* libsqlite3.dylib */; };
		BA226D851A404F0400059267 /* CoreTelephony.framework in Frameworks */ = {isa = PBXBuildFile; fileRef = BA226D841A404F0400059267 /* CoreTelephony.framework */; };
		BA226D871A404F1100059267 /* SystemConfiguration.framework in Frameworks */ = {isa = PBXBuildFile; fileRef = BA226D861A404F1100059267 /* SystemConfiguration.framework */; };
		BA226D891A404F1E00059267 /* OpenGLES.framework in Frameworks */ = {isa = PBXBuildFile; fileRef = BA226D881A404F1E00059267 /* OpenGLES.framework */; };
		BA226D8B1A404F2B00059267 /* CoreVideo.framework in Frameworks */ = {isa = PBXBuildFile; fileRef = BA226D8A1A404F2B00059267 /* CoreVideo.framework */; };
		BA226D8D1A404F3300059267 /* CoreMedia.framework in Frameworks */ = {isa = PBXBuildFile; fileRef = BA226D8C1A404F3300059267 /* CoreMedia.framework */; };
		BA226D8F1A404F3D00059267 /* CoreGraphics.framework in Frameworks */ = {isa = PBXBuildFile; fileRef = BA226D8E1A404F3D00059267 /* CoreGraphics.framework */; };
		BA226D911A404F4800059267 /* AudioToolbox.framework in Frameworks */ = {isa = PBXBuildFile; fileRef = BA226D901A404F4800059267 /* AudioToolbox.framework */; };
		BA226D931A404F5200059267 /* AVFoundation.framework in Frameworks */ = {isa = PBXBuildFile; fileRef = BA226D921A404F5200059267 /* AVFoundation.framework */; };
		BA226D951A404F5A00059267 /* QuartzCore.framework in Frameworks */ = {isa = PBXBuildFile; fileRef = BA226D941A404F5A00059267 /* QuartzCore.framework */; };
		BA226D971A404F6300059267 /* UIKit.framework in Frameworks */ = {isa = PBXBuildFile; fileRef = BA226D961A404F6300059267 /* UIKit.framework */; };
		BA226D991A404F7200059267 /* Foundation.framework in Frameworks */ = {isa = PBXBuildFile; fileRef = BA226D981A404F7200059267 /* Foundation.framework */; };
		BA226D9B1A404F7F00059267 /* libstdc++.6.0.9.dylib in Frameworks */ = {isa = PBXBuildFile; fileRef = BA226D9A1A404F7F00059267 /* libstdc++.6.0.9.dylib */; };
		BA226D9D1A404F8A00059267 /* libpthread.dylib in Frameworks */ = {isa = PBXBuildFile; fileRef = BA226D9C1A404F8A00059267 /* libpthread.dylib */; };
		BA226D9F1A404F9200059267 /* libxml2.dylib in Frameworks */ = {isa = PBXBuildFile; fileRef = BA226D9E1A404F9200059267 /* libxml2.dylib */; };
		BA226DA71A41767A00059267 /* PageContentViewController.swift in Sources */ = {isa = PBXBuildFile; fileRef = BA226DA61A41767A00059267 /* PageContentViewController.swift */; };
		BA226DA91A4177EC00059267 /* WelcomeViewController.swift in Sources */ = {isa = PBXBuildFile; fileRef = BA226DA81A4177EC00059267 /* WelcomeViewController.swift */; };
		BA226DAB1A41785500059267 /* ServerAPI.swift in Sources */ = {isa = PBXBuildFile; fileRef = BA226DAA1A41785500059267 /* ServerAPI.swift */; };
		BA226DAD1A418BE000059267 /* LoginViewController.swift in Sources */ = {isa = PBXBuildFile; fileRef = BA226DAC1A418BE000059267 /* LoginViewController.swift */; };
		BA226DAF1A418F7B00059267 /* RegisterViewController.swift in Sources */ = {isa = PBXBuildFile; fileRef = BA226DAE1A418F7B00059267 /* RegisterViewController.swift */; };
		BA226DB11A41928300059267 /* MainViewController.swift in Sources */ = {isa = PBXBuildFile; fileRef = BA226DB01A41928300059267 /* MainViewController.swift */; };
		BA226DB31A4192F100059267 /* ProfileViewController.swift in Sources */ = {isa = PBXBuildFile; fileRef = BA226DB21A4192F100059267 /* ProfileViewController.swift */; };
		BA226DB51A41932F00059267 /* CallViewController.swift in Sources */ = {isa = PBXBuildFile; fileRef = BA226DB41A41932F00059267 /* CallViewController.swift */; };
		BA5CD2381A5E8AAD0029A690 /* CallUtils.swift in Sources */ = {isa = PBXBuildFile; fileRef = BA5CD2371A5E8AAD0029A690 /* CallUtils.swift */; };
		BA99E1C21A598C6A00D0F022 /* UIEventRegister.swift in Sources */ = {isa = PBXBuildFile; fileRef = BA99E1C11A598C6A00D0F022 /* UIEventRegister.swift */; };
		BAAA5D2D1A43FA470058CAA9 /* TrainingDetailViewController.swift in Sources */ = {isa = PBXBuildFile; fileRef = BAAA5D2C1A43FA470058CAA9 /* TrainingDetailViewController.swift */; };
		BAAA5D2F1A448FCB0058CAA9 /* WebResourceViewController.swift in Sources */ = {isa = PBXBuildFile; fileRef = BAAA5D2E1A448FCB0058CAA9 /* WebResourceViewController.swift */; };
		BAAA5D311A486FF40058CAA9 /* PreCallViewController.swift in Sources */ = {isa = PBXBuildFile; fileRef = BAAA5D301A486FF40058CAA9 /* PreCallViewController.swift */; };
		BAB102541A41B680006075D2 /* UINavigationControllerWithOrientation.swift in Sources */ = {isa = PBXBuildFile; fileRef = BAB102531A41B680006075D2 /* UINavigationControllerWithOrientation.swift */; };
		BAB102561A41E467006075D2 /* TrainingViewController.swift in Sources */ = {isa = PBXBuildFile; fileRef = BAB102551A41E467006075D2 /* TrainingViewController.swift */; };
		BAB1025A1A42BCC7006075D2 /* UIAlertViewWithData.swift in Sources */ = {isa = PBXBuildFile; fileRef = BAB102591A42BCC7006075D2 /* UIAlertViewWithData.swift */; };
		BAB1025E1A42FD5F006075D2 /* TimeUtils.swift in Sources */ = {isa = PBXBuildFile; fileRef = BAB1025D1A42FD5F006075D2 /* TimeUtils.swift */; };
		BAF09B3F1A5536B4009F00F8 /* LoginUtils.swift in Sources */ = {isa = PBXBuildFile; fileRef = BAF09B3E1A5536B4009F00F8 /* LoginUtils.swift */; };
		BAF09B411A55410D009F00F8 /* NotApprovedViewController.swift in Sources */ = {isa = PBXBuildFile; fileRef = BAF09B401A55410D009F00F8 /* NotApprovedViewController.swift */; };
/* End PBXBuildFile section */

/* Begin PBXContainerItemProxy section */
		BA226D601A404D9D00059267 /* PBXContainerItemProxy */ = {
			isa = PBXContainerItemProxy;
			containerPortal = BA226D421A404D9D00059267 /* Project object */;
			proxyType = 1;
			remoteGlobalIDString = BA226D491A404D9D00059267;
			remoteInfo = Panda4rep;
		};
/* End PBXContainerItemProxy section */

/* Begin PBXCopyFilesBuildPhase section */
		BA1AA7CA1A516AF000BCE29D /* Embed Frameworks */ = {
			isa = PBXCopyFilesBuildPhase;
			buildActionMask = 2147483647;
			dstPath = "";
			dstSubfolderSpec = 10;
			files = (
			);
			name = "Embed Frameworks";
			runOnlyForDeploymentPostprocessing = 0;
		};
/* End PBXCopyFilesBuildPhase section */

/* Begin PBXFileReference section */
		BA1AA7981A4BF82D00BCE29D /* CallOfferViewController.swift */ = {isa = PBXFileReference; fileEncoding = 4; lastKnownFileType = sourcecode.swift; path = CallOfferViewController.swift; sourceTree = "<group>"; };
		BA1AA79A1A4C2AA100BCE29D /* StorageUtils.swift */ = {isa = PBXFileReference; fileEncoding = 4; lastKnownFileType = sourcecode.swift; path = StorageUtils.swift; sourceTree = "<group>"; };
		BA1AA79C1A5006D000BCE29D /* TestViewController.swift */ = {isa = PBXFileReference; fileEncoding = 4; lastKnownFileType = sourcecode.swift; path = TestViewController.swift; sourceTree = "<group>"; };
		BA1AA79E1A5014B500BCE29D /* TrainingCellView.swift */ = {isa = PBXFileReference; fileEncoding = 4; lastKnownFileType = sourcecode.swift; path = TrainingCellView.swift; sourceTree = "<group>"; };
		BA1AA7A01A5159B500BCE29D /* PostCallViewController.swift */ = {isa = PBXFileReference; fileEncoding = 4; lastKnownFileType = sourcecode.swift; path = PostCallViewController.swift; sourceTree = "<group>"; };
		BA1AA7D21A516DA900BCE29D /* FloatRatingView.swift */ = {isa = PBXFileReference; fileEncoding = 4; lastKnownFileType = sourcecode.swift; name = FloatRatingView.swift; path = components/FloatRatingView.swift; sourceTree = "<group>"; };
		BA226D4A1A404D9D00059267 /* Panda4rep.app */ = {isa = PBXFileReference; explicitFileType = wrapper.application; includeInIndex = 0; path = Panda4rep.app; sourceTree = BUILT_PRODUCTS_DIR; };
		BA226D4E1A404D9D00059267 /* Info.plist */ = {isa = PBXFileReference; lastKnownFileType = text.plist.xml; path = Info.plist; sourceTree = "<group>"; };
		BA226D4F1A404D9D00059267 /* AppDelegate.swift */ = {isa = PBXFileReference; lastKnownFileType = sourcecode.swift; path = AppDelegate.swift; sourceTree = "<group>"; };
		BA226D541A404D9D00059267 /* Base */ = {isa = PBXFileReference; lastKnownFileType = file.storyboard; name = Base; path = Base.lproj/Main.storyboard; sourceTree = "<group>"; };
		BA226D561A404D9D00059267 /* Images.xcassets */ = {isa = PBXFileReference; lastKnownFileType = folder.assetcatalog; path = Images.xcassets; sourceTree = "<group>"; };
		BA226D591A404D9D00059267 /* Base */ = {isa = PBXFileReference; lastKnownFileType = file.xib; name = Base; path = Base.lproj/LaunchScreen.xib; sourceTree = "<group>"; };
		BA226D5F1A404D9D00059267 /* Panda4repTests.xctest */ = {isa = PBXFileReference; explicitFileType = wrapper.cfbundle; includeInIndex = 0; path = Panda4repTests.xctest; sourceTree = BUILT_PRODUCTS_DIR; };
		BA226D641A404D9D00059267 /* Info.plist */ = {isa = PBXFileReference; lastKnownFileType = text.plist.xml; path = Info.plist; sourceTree = "<group>"; };
		BA226D651A404D9D00059267 /* Panda4repTests.swift */ = {isa = PBXFileReference; lastKnownFileType = sourcecode.swift; path = Panda4repTests.swift; sourceTree = "<group>"; };
		BA226D801A404EC800059267 /* OpenTok.framework */ = {isa = PBXFileReference; lastKnownFileType = wrapper.framework; name = OpenTok.framework; path = Panda4rep/OpenTok.framework; sourceTree = "<group>"; };
		BA226D821A404EFA00059267 /* libsqlite3.dylib */ = {isa = PBXFileReference; lastKnownFileType = "compiled.mach-o.dylib"; name = libsqlite3.dylib; path = usr/lib/libsqlite3.dylib; sourceTree = SDKROOT; };
		BA226D841A404F0400059267 /* CoreTelephony.framework */ = {isa = PBXFileReference; lastKnownFileType = wrapper.framework; name = CoreTelephony.framework; path = System/Library/Frameworks/CoreTelephony.framework; sourceTree = SDKROOT; };
		BA226D861A404F1100059267 /* SystemConfiguration.framework */ = {isa = PBXFileReference; lastKnownFileType = wrapper.framework; name = SystemConfiguration.framework; path = System/Library/Frameworks/SystemConfiguration.framework; sourceTree = SDKROOT; };
		BA226D881A404F1E00059267 /* OpenGLES.framework */ = {isa = PBXFileReference; lastKnownFileType = wrapper.framework; name = OpenGLES.framework; path = System/Library/Frameworks/OpenGLES.framework; sourceTree = SDKROOT; };
		BA226D8A1A404F2B00059267 /* CoreVideo.framework */ = {isa = PBXFileReference; lastKnownFileType = wrapper.framework; name = CoreVideo.framework; path = System/Library/Frameworks/CoreVideo.framework; sourceTree = SDKROOT; };
		BA226D8C1A404F3300059267 /* CoreMedia.framework */ = {isa = PBXFileReference; lastKnownFileType = wrapper.framework; name = CoreMedia.framework; path = System/Library/Frameworks/CoreMedia.framework; sourceTree = SDKROOT; };
		BA226D8E1A404F3D00059267 /* CoreGraphics.framework */ = {isa = PBXFileReference; lastKnownFileType = wrapper.framework; name = CoreGraphics.framework; path = System/Library/Frameworks/CoreGraphics.framework; sourceTree = SDKROOT; };
		BA226D901A404F4800059267 /* AudioToolbox.framework */ = {isa = PBXFileReference; lastKnownFileType = wrapper.framework; name = AudioToolbox.framework; path = System/Library/Frameworks/AudioToolbox.framework; sourceTree = SDKROOT; };
		BA226D921A404F5200059267 /* AVFoundation.framework */ = {isa = PBXFileReference; lastKnownFileType = wrapper.framework; name = AVFoundation.framework; path = System/Library/Frameworks/AVFoundation.framework; sourceTree = SDKROOT; };
		BA226D941A404F5A00059267 /* QuartzCore.framework */ = {isa = PBXFileReference; lastKnownFileType = wrapper.framework; name = QuartzCore.framework; path = System/Library/Frameworks/QuartzCore.framework; sourceTree = SDKROOT; };
		BA226D961A404F6300059267 /* UIKit.framework */ = {isa = PBXFileReference; lastKnownFileType = wrapper.framework; name = UIKit.framework; path = System/Library/Frameworks/UIKit.framework; sourceTree = SDKROOT; };
		BA226D981A404F7200059267 /* Foundation.framework */ = {isa = PBXFileReference; lastKnownFileType = wrapper.framework; name = Foundation.framework; path = System/Library/Frameworks/Foundation.framework; sourceTree = SDKROOT; };
		BA226D9A1A404F7F00059267 /* libstdc++.6.0.9.dylib */ = {isa = PBXFileReference; lastKnownFileType = "compiled.mach-o.dylib"; name = "libstdc++.6.0.9.dylib"; path = "usr/lib/libstdc++.6.0.9.dylib"; sourceTree = SDKROOT; };
		BA226D9C1A404F8A00059267 /* libpthread.dylib */ = {isa = PBXFileReference; lastKnownFileType = "compiled.mach-o.dylib"; name = libpthread.dylib; path = usr/lib/libpthread.dylib; sourceTree = SDKROOT; };
		BA226D9E1A404F9200059267 /* libxml2.dylib */ = {isa = PBXFileReference; lastKnownFileType = "compiled.mach-o.dylib"; name = libxml2.dylib; path = usr/lib/libxml2.dylib; sourceTree = SDKROOT; };
		BA226DA31A40552200059267 /* Panda4rep-Bridging-Header.h */ = {isa = PBXFileReference; fileEncoding = 4; lastKnownFileType = sourcecode.c.h; path = "Panda4rep-Bridging-Header.h"; sourceTree = "<group>"; };
		BA226DA61A41767A00059267 /* PageContentViewController.swift */ = {isa = PBXFileReference; fileEncoding = 4; lastKnownFileType = sourcecode.swift; path = PageContentViewController.swift; sourceTree = "<group>"; };
		BA226DA81A4177EC00059267 /* WelcomeViewController.swift */ = {isa = PBXFileReference; fileEncoding = 4; lastKnownFileType = sourcecode.swift; path = WelcomeViewController.swift; sourceTree = "<group>"; };
		BA226DAA1A41785500059267 /* ServerAPI.swift */ = {isa = PBXFileReference; fileEncoding = 4; lastKnownFileType = sourcecode.swift; path = ServerAPI.swift; sourceTree = "<group>"; };
		BA226DAC1A418BE000059267 /* LoginViewController.swift */ = {isa = PBXFileReference; fileEncoding = 4; lastKnownFileType = sourcecode.swift; path = LoginViewController.swift; sourceTree = "<group>"; };
		BA226DAE1A418F7B00059267 /* RegisterViewController.swift */ = {isa = PBXFileReference; fileEncoding = 4; lastKnownFileType = sourcecode.swift; path = RegisterViewController.swift; sourceTree = "<group>"; };
		BA226DB01A41928300059267 /* MainViewController.swift */ = {isa = PBXFileReference; fileEncoding = 4; lastKnownFileType = sourcecode.swift; path = MainViewController.swift; sourceTree = "<group>"; };
		BA226DB21A4192F100059267 /* ProfileViewController.swift */ = {isa = PBXFileReference; fileEncoding = 4; lastKnownFileType = sourcecode.swift; path = ProfileViewController.swift; sourceTree = "<group>"; };
		BA226DB41A41932F00059267 /* CallViewController.swift */ = {isa = PBXFileReference; fileEncoding = 4; lastKnownFileType = sourcecode.swift; path = CallViewController.swift; sourceTree = "<group>"; };
		BA5CD2341A5E89EE0029A690 /* Panda4rep.entitlements */ = {isa = PBXFileReference; lastKnownFileType = text.xml; path = Panda4rep.entitlements; sourceTree = "<group>"; };
		BA5CD2371A5E8AAD0029A690 /* CallUtils.swift */ = {isa = PBXFileReference; fileEncoding = 4; lastKnownFileType = sourcecode.swift; path = CallUtils.swift; sourceTree = "<group>"; };
		BA99E1C11A598C6A00D0F022 /* UIEventRegister.swift */ = {isa = PBXFileReference; fileEncoding = 4; lastKnownFileType = sourcecode.swift; path = UIEventRegister.swift; sourceTree = "<group>"; };
		BAAA5D2C1A43FA470058CAA9 /* TrainingDetailViewController.swift */ = {isa = PBXFileReference; fileEncoding = 4; lastKnownFileType = sourcecode.swift; path = TrainingDetailViewController.swift; sourceTree = "<group>"; };
		BAAA5D2E1A448FCB0058CAA9 /* WebResourceViewController.swift */ = {isa = PBXFileReference; fileEncoding = 4; lastKnownFileType = sourcecode.swift; path = WebResourceViewController.swift; sourceTree = "<group>"; };
		BAAA5D301A486FF40058CAA9 /* PreCallViewController.swift */ = {isa = PBXFileReference; fileEncoding = 4; lastKnownFileType = sourcecode.swift; path = PreCallViewController.swift; sourceTree = "<group>"; };
		BAB102531A41B680006075D2 /* UINavigationControllerWithOrientation.swift */ = {isa = PBXFileReference; fileEncoding = 4; lastKnownFileType = sourcecode.swift; path = UINavigationControllerWithOrientation.swift; sourceTree = "<group>"; };
		BAB102551A41E467006075D2 /* TrainingViewController.swift */ = {isa = PBXFileReference; fileEncoding = 4; lastKnownFileType = sourcecode.swift; path = TrainingViewController.swift; sourceTree = "<group>"; };
		BAB102591A42BCC7006075D2 /* UIAlertViewWithData.swift */ = {isa = PBXFileReference; fileEncoding = 4; lastKnownFileType = sourcecode.swift; path = UIAlertViewWithData.swift; sourceTree = "<group>"; };
		BAB1025D1A42FD5F006075D2 /* TimeUtils.swift */ = {isa = PBXFileReference; fileEncoding = 4; lastKnownFileType = sourcecode.swift; path = TimeUtils.swift; sourceTree = "<group>"; };
		BAF09B3E1A5536B4009F00F8 /* LoginUtils.swift */ = {isa = PBXFileReference; fileEncoding = 4; lastKnownFileType = sourcecode.swift; path = LoginUtils.swift; sourceTree = "<group>"; };
		BAF09B401A55410D009F00F8 /* NotApprovedViewController.swift */ = {isa = PBXFileReference; fileEncoding = 4; lastKnownFileType = sourcecode.swift; path = NotApprovedViewController.swift; sourceTree = "<group>"; };
/* End PBXFileReference section */

/* Begin PBXFrameworksBuildPhase section */
		BA226D471A404D9D00059267 /* Frameworks */ = {
			isa = PBXFrameworksBuildPhase;
			buildActionMask = 2147483647;
			files = (
				BA226D9F1A404F9200059267 /* libxml2.dylib in Frameworks */,
				BA226D9D1A404F8A00059267 /* libpthread.dylib in Frameworks */,
				BA226D9B1A404F7F00059267 /* libstdc++.6.0.9.dylib in Frameworks */,
				BA226D991A404F7200059267 /* Foundation.framework in Frameworks */,
				BA226D971A404F6300059267 /* UIKit.framework in Frameworks */,
				BA226D951A404F5A00059267 /* QuartzCore.framework in Frameworks */,
				BA226D931A404F5200059267 /* AVFoundation.framework in Frameworks */,
				BA226D911A404F4800059267 /* AudioToolbox.framework in Frameworks */,
				BA226D8F1A404F3D00059267 /* CoreGraphics.framework in Frameworks */,
				BA226D8D1A404F3300059267 /* CoreMedia.framework in Frameworks */,
				BA226D8B1A404F2B00059267 /* CoreVideo.framework in Frameworks */,
				BA226D891A404F1E00059267 /* OpenGLES.framework in Frameworks */,
				BA226D871A404F1100059267 /* SystemConfiguration.framework in Frameworks */,
				BA226D851A404F0400059267 /* CoreTelephony.framework in Frameworks */,
				BA226D831A404EFA00059267 /* libsqlite3.dylib in Frameworks */,
				BA226D811A404EC800059267 /* OpenTok.framework in Frameworks */,
			);
			runOnlyForDeploymentPostprocessing = 0;
		};
		BA226D5C1A404D9D00059267 /* Frameworks */ = {
			isa = PBXFrameworksBuildPhase;
			buildActionMask = 2147483647;
			files = (
			);
			runOnlyForDeploymentPostprocessing = 0;
		};
/* End PBXFrameworksBuildPhase section */

/* Begin PBXGroup section */
		BA1AA7D41A516DB900BCE29D /* components */ = {
			isa = PBXGroup;
			children = (
				BA1AA7D21A516DA900BCE29D /* FloatRatingView.swift */,
			);
			name = components;
			sourceTree = "<group>";
		};
		BA226D411A404D9D00059267 = {
			isa = PBXGroup;
			children = (
				BA226D9E1A404F9200059267 /* libxml2.dylib */,
				BA226D9C1A404F8A00059267 /* libpthread.dylib */,
				BA226D9A1A404F7F00059267 /* libstdc++.6.0.9.dylib */,
				BA226D981A404F7200059267 /* Foundation.framework */,
				BA226D961A404F6300059267 /* UIKit.framework */,
				BA226D941A404F5A00059267 /* QuartzCore.framework */,
				BA226D921A404F5200059267 /* AVFoundation.framework */,
				BA226D901A404F4800059267 /* AudioToolbox.framework */,
				BA226D8E1A404F3D00059267 /* CoreGraphics.framework */,
				BA226D8C1A404F3300059267 /* CoreMedia.framework */,
				BA226D8A1A404F2B00059267 /* CoreVideo.framework */,
				BA226D881A404F1E00059267 /* OpenGLES.framework */,
				BA226D861A404F1100059267 /* SystemConfiguration.framework */,
				BA226D841A404F0400059267 /* CoreTelephony.framework */,
				BA226D821A404EFA00059267 /* libsqlite3.dylib */,
				BA226D801A404EC800059267 /* OpenTok.framework */,
				BA226D4C1A404D9D00059267 /* Panda4rep */,
				BA226D621A404D9D00059267 /* Panda4repTests */,
				BA226D4B1A404D9D00059267 /* Products */,
			);
			sourceTree = "<group>";
		};
		BA226D4B1A404D9D00059267 /* Products */ = {
			isa = PBXGroup;
			children = (
				BA226D4A1A404D9D00059267 /* Panda4rep.app */,
				BA226D5F1A404D9D00059267 /* Panda4repTests.xctest */,
			);
			name = Products;
			sourceTree = "<group>";
		};
		BA226D4C1A404D9D00059267 /* Panda4rep */ = {
			isa = PBXGroup;
			children = (
				BA5CD2341A5E89EE0029A690 /* Panda4rep.entitlements */,
				BA1AA7D41A516DB900BCE29D /* components */,
				BA226D4F1A404D9D00059267 /* AppDelegate.swift */,
				BAF09B3D1A55369C009F00F8 /* Utils */,
				BAB1025B1A42D292006075D2 /* UIExtentions */,
				BAB1025C1A42D2C4006075D2 /* ViewControllers */,
				BA226D531A404D9D00059267 /* Main.storyboard */,
				BA226D561A404D9D00059267 /* Images.xcassets */,
				BA226D581A404D9D00059267 /* LaunchScreen.xib */,
				BA226D4D1A404D9D00059267 /* Supporting Files */,
			);
			path = Panda4rep;
			sourceTree = "<group>";
		};
		BA226D4D1A404D9D00059267 /* Supporting Files */ = {
			isa = PBXGroup;
			children = (
				BA226DA31A40552200059267 /* Panda4rep-Bridging-Header.h */,
				BA226D4E1A404D9D00059267 /* Info.plist */,
			);
			name = "Supporting Files";
			sourceTree = "<group>";
		};
		BA226D621A404D9D00059267 /* Panda4repTests */ = {
			isa = PBXGroup;
			children = (
				BA226D651A404D9D00059267 /* Panda4repTests.swift */,
				BA226D631A404D9D00059267 /* Supporting Files */,
			);
			path = Panda4repTests;
			sourceTree = "<group>";
		};
		BA226D631A404D9D00059267 /* Supporting Files */ = {
			isa = PBXGroup;
			children = (
				BA226D641A404D9D00059267 /* Info.plist */,
			);
			name = "Supporting Files";
			sourceTree = "<group>";
		};
		BAB1025B1A42D292006075D2 /* UIExtentions */ = {
			isa = PBXGroup;
			children = (
				BA1AA79E1A5014B500BCE29D /* TrainingCellView.swift */,
				BAB102531A41B680006075D2 /* UINavigationControllerWithOrientation.swift */,
				BAB102591A42BCC7006075D2 /* UIAlertViewWithData.swift */,
			);
			name = UIExtentions;
			sourceTree = "<group>";
		};
		BAB1025C1A42D2C4006075D2 /* ViewControllers */ = {
			isa = PBXGroup;
			children = (
				BA226DB01A41928300059267 /* MainViewController.swift */,
				BAB102551A41E467006075D2 /* TrainingViewController.swift */,
				BAAA5D2C1A43FA470058CAA9 /* TrainingDetailViewController.swift */,
				BA226DB21A4192F100059267 /* ProfileViewController.swift */,
				BA226DB41A41932F00059267 /* CallViewController.swift */,
				BAAA5D301A486FF40058CAA9 /* PreCallViewController.swift */,
				BA1AA7A01A5159B500BCE29D /* PostCallViewController.swift */,
				BA226DAC1A418BE000059267 /* LoginViewController.swift */,
				BA226DAE1A418F7B00059267 /* RegisterViewController.swift */,
				BA226DA81A4177EC00059267 /* WelcomeViewController.swift */,
				BA226DA61A41767A00059267 /* PageContentViewController.swift */,
				BAAA5D2E1A448FCB0058CAA9 /* WebResourceViewController.swift */,
				BA1AA7981A4BF82D00BCE29D /* CallOfferViewController.swift */,
				BA1AA79C1A5006D000BCE29D /* TestViewController.swift */,
				BAF09B401A55410D009F00F8 /* NotApprovedViewController.swift */,
			);
			name = ViewControllers;
			sourceTree = "<group>";
		};
		BAF09B3D1A55369C009F00F8 /* Utils */ = {
			isa = PBXGroup;
			children = (
				BA226DAA1A41785500059267 /* ServerAPI.swift */,
				BAB1025D1A42FD5F006075D2 /* TimeUtils.swift */,
				BA1AA79A1A4C2AA100BCE29D /* StorageUtils.swift */,
				BAF09B3E1A5536B4009F00F8 /* LoginUtils.swift */,
				BA99E1C11A598C6A00D0F022 /* UIEventRegister.swift */,
				BA5CD2371A5E8AAD0029A690 /* CallUtils.swift */,
			);
			name = Utils;
			sourceTree = "<group>";
		};
/* End PBXGroup section */

/* Begin PBXNativeTarget section */
		BA226D491A404D9D00059267 /* Panda4rep */ = {
			isa = PBXNativeTarget;
			buildConfigurationList = BA226D691A404D9D00059267 /* Build configuration list for PBXNativeTarget "Panda4rep" */;
			buildPhases = (
				BA226D461A404D9D00059267 /* Sources */,
				BA226D471A404D9D00059267 /* Frameworks */,
				BA226D481A404D9D00059267 /* Resources */,
				BA1AA7CA1A516AF000BCE29D /* Embed Frameworks */,
			);
			buildRules = (
			);
			dependencies = (
			);
			name = Panda4rep;
			productName = Panda4rep;
			productReference = BA226D4A1A404D9D00059267 /* Panda4rep.app */;
			productType = "com.apple.product-type.application";
		};
		BA226D5E1A404D9D00059267 /* Panda4repTests */ = {
			isa = PBXNativeTarget;
			buildConfigurationList = BA226D6C1A404D9D00059267 /* Build configuration list for PBXNativeTarget "Panda4repTests" */;
			buildPhases = (
				BA226D5B1A404D9D00059267 /* Sources */,
				BA226D5C1A404D9D00059267 /* Frameworks */,
				BA226D5D1A404D9D00059267 /* Resources */,
			);
			buildRules = (
			);
			dependencies = (
				BA226D611A404D9D00059267 /* PBXTargetDependency */,
			);
			name = Panda4repTests;
			productName = Panda4repTests;
			productReference = BA226D5F1A404D9D00059267 /* Panda4repTests.xctest */;
			productType = "com.apple.product-type.bundle.unit-test";
		};
/* End PBXNativeTarget section */

/* Begin PBXProject section */
		BA226D421A404D9D00059267 /* Project object */ = {
			isa = PBXProject;
			attributes = {
				LastUpgradeCheck = 0610;
				ORGANIZATIONNAME = Erez;
				TargetAttributes = {
					BA226D491A404D9D00059267 = {
						CreatedOnToolsVersion = 6.1.1;
						DevelopmentTeam = 3QCZR49TV4;
						SystemCapabilities = {
							com.apple.BackgroundModes = {
								enabled = 0;
							};
							com.apple.HealthKit = {
								enabled = 0;
							};
						};
					};
					BA226D5E1A404D9D00059267 = {
						CreatedOnToolsVersion = 6.1.1;
						TestTargetID = BA226D491A404D9D00059267;
					};
				};
			};
			buildConfigurationList = BA226D451A404D9D00059267 /* Build configuration list for PBXProject "Panda4rep" */;
			compatibilityVersion = "Xcode 3.2";
			developmentRegion = English;
			hasScannedForEncodings = 0;
			knownRegions = (
				en,
				Base,
			);
			mainGroup = BA226D411A404D9D00059267;
			productRefGroup = BA226D4B1A404D9D00059267 /* Products */;
			projectDirPath = "";
			projectRoot = "";
			targets = (
				BA226D491A404D9D00059267 /* Panda4rep */,
				BA226D5E1A404D9D00059267 /* Panda4repTests */,
			);
		};
/* End PBXProject section */

/* Begin PBXResourcesBuildPhase section */
		BA226D481A404D9D00059267 /* Resources */ = {
			isa = PBXResourcesBuildPhase;
			buildActionMask = 2147483647;
			files = (
				BA226D551A404D9D00059267 /* Main.storyboard in Resources */,
				BA226D5A1A404D9D00059267 /* LaunchScreen.xib in Resources */,
				BA226D571A404D9D00059267 /* Images.xcassets in Resources */,
			);
			runOnlyForDeploymentPostprocessing = 0;
		};
		BA226D5D1A404D9D00059267 /* Resources */ = {
			isa = PBXResourcesBuildPhase;
			buildActionMask = 2147483647;
			files = (
			);
			runOnlyForDeploymentPostprocessing = 0;
		};
/* End PBXResourcesBuildPhase section */

/* Begin PBXSourcesBuildPhase section */
		BA226D461A404D9D00059267 /* Sources */ = {
			isa = PBXSourcesBuildPhase;
			buildActionMask = 2147483647;
			files = (
				BA226DAD1A418BE000059267 /* LoginViewController.swift in Sources */,
				BA1AA79D1A5006D000BCE29D /* TestViewController.swift in Sources */,
				BA1AA7991A4BF82D00BCE29D /* CallOfferViewController.swift in Sources */,
				BAAA5D2D1A43FA470058CAA9 /* TrainingDetailViewController.swift in Sources */,
				BAF09B3F1A5536B4009F00F8 /* LoginUtils.swift in Sources */,
				BA1AA79B1A4C2AA100BCE29D /* StorageUtils.swift in Sources */,
				BA226DA71A41767A00059267 /* PageContentViewController.swift in Sources */,
				BA1AA7A11A5159B500BCE29D /* PostCallViewController.swift in Sources */,
				BAAA5D2F1A448FCB0058CAA9 /* WebResourceViewController.swift in Sources */,
				BA226DAF1A418F7B00059267 /* RegisterViewController.swift in Sources */,
				BA226DA91A4177EC00059267 /* WelcomeViewController.swift in Sources */,
				BAF09B411A55410D009F00F8 /* NotApprovedViewController.swift in Sources */,
				BA226DAB1A41785500059267 /* ServerAPI.swift in Sources */,
				BAB1025E1A42FD5F006075D2 /* TimeUtils.swift in Sources */,
				BA1AA79F1A5014B500BCE29D /* TrainingCellView.swift in Sources */,
				BAAA5D311A486FF40058CAA9 /* PreCallViewController.swift in Sources */,
				BA226DB31A4192F100059267 /* ProfileViewController.swift in Sources */,
				BA226D501A404D9D00059267 /* AppDelegate.swift in Sources */,
				BAB102541A41B680006075D2 /* UINavigationControllerWithOrientation.swift in Sources */,
				BAB1025A1A42BCC7006075D2 /* UIAlertViewWithData.swift in Sources */,
				BA1AA7D31A516DA900BCE29D /* FloatRatingView.swift in Sources */,
				BA5CD2381A5E8AAD0029A690 /* CallUtils.swift in Sources */,
				BA99E1C21A598C6A00D0F022 /* UIEventRegister.swift in Sources */,
				BA226DB51A41932F00059267 /* CallViewController.swift in Sources */,
				BAB102561A41E467006075D2 /* TrainingViewController.swift in Sources */,
				BA226DB11A41928300059267 /* MainViewController.swift in Sources */,
			);
			runOnlyForDeploymentPostprocessing = 0;
		};
		BA226D5B1A404D9D00059267 /* Sources */ = {
			isa = PBXSourcesBuildPhase;
			buildActionMask = 2147483647;
			files = (
				BA226D661A404D9D00059267 /* Panda4repTests.swift in Sources */,
			);
			runOnlyForDeploymentPostprocessing = 0;
		};
/* End PBXSourcesBuildPhase section */

/* Begin PBXTargetDependency section */
		BA226D611A404D9D00059267 /* PBXTargetDependency */ = {
			isa = PBXTargetDependency;
			target = BA226D491A404D9D00059267 /* Panda4rep */;
			targetProxy = BA226D601A404D9D00059267 /* PBXContainerItemProxy */;
		};
/* End PBXTargetDependency section */

/* Begin PBXVariantGroup section */
		BA226D531A404D9D00059267 /* Main.storyboard */ = {
			isa = PBXVariantGroup;
			children = (
				BA226D541A404D9D00059267 /* Base */,
			);
			name = Main.storyboard;
			sourceTree = "<group>";
		};
		BA226D581A404D9D00059267 /* LaunchScreen.xib */ = {
			isa = PBXVariantGroup;
			children = (
				BA226D591A404D9D00059267 /* Base */,
			);
			name = LaunchScreen.xib;
			sourceTree = "<group>";
		};
/* End PBXVariantGroup section */

/* Begin XCBuildConfiguration section */
		BA226D671A404D9D00059267 /* Debug */ = {
			isa = XCBuildConfiguration;
			buildSettings = {
				ALWAYS_SEARCH_USER_PATHS = NO;
				CLANG_CXX_LANGUAGE_STANDARD = "gnu++0x";
				CLANG_CXX_LIBRARY = "libc++";
				CLANG_ENABLE_MODULES = YES;
				CLANG_ENABLE_OBJC_ARC = YES;
				CLANG_WARN_BOOL_CONVERSION = YES;
				CLANG_WARN_CONSTANT_CONVERSION = YES;
				CLANG_WARN_DIRECT_OBJC_ISA_USAGE = YES_ERROR;
				CLANG_WARN_EMPTY_BODY = YES;
				CLANG_WARN_ENUM_CONVERSION = YES;
				CLANG_WARN_INT_CONVERSION = YES;
				CLANG_WARN_OBJC_ROOT_CLASS = YES_ERROR;
				CLANG_WARN_UNREACHABLE_CODE = YES;
				CLANG_WARN__DUPLICATE_METHOD_MATCH = YES;
				"CODE_SIGN_IDENTITY[sdk=iphoneos*]" = "iPhone Developer";
				COPY_PHASE_STRIP = NO;
				ENABLE_STRICT_OBJC_MSGSEND = YES;
				GCC_C_LANGUAGE_STANDARD = gnu99;
				GCC_DYNAMIC_NO_PIC = NO;
				GCC_OPTIMIZATION_LEVEL = 0;
				GCC_PREPROCESSOR_DEFINITIONS = (
					"DEBUG=1",
					"$(inherited)",
				);
				GCC_SYMBOLS_PRIVATE_EXTERN = NO;
				GCC_WARN_64_TO_32_BIT_CONVERSION = YES;
				GCC_WARN_ABOUT_RETURN_TYPE = YES_ERROR;
				GCC_WARN_UNDECLARED_SELECTOR = YES;
				GCC_WARN_UNINITIALIZED_AUTOS = YES_AGGRESSIVE;
				GCC_WARN_UNUSED_FUNCTION = YES;
				GCC_WARN_UNUSED_VARIABLE = YES;
				IPHONEOS_DEPLOYMENT_TARGET = 8.1;
				MTL_ENABLE_DEBUG_INFO = YES;
				ONLY_ACTIVE_ARCH = YES;
				SDKROOT = iphoneos;
				SWIFT_OPTIMIZATION_LEVEL = "-Onone";
				TARGETED_DEVICE_FAMILY = "1,2";
			};
			name = Debug;
		};
		BA226D681A404D9D00059267 /* Release */ = {
			isa = XCBuildConfiguration;
			buildSettings = {
				ALWAYS_SEARCH_USER_PATHS = NO;
				CLANG_CXX_LANGUAGE_STANDARD = "gnu++0x";
				CLANG_CXX_LIBRARY = "libc++";
				CLANG_ENABLE_MODULES = YES;
				CLANG_ENABLE_OBJC_ARC = YES;
				CLANG_WARN_BOOL_CONVERSION = YES;
				CLANG_WARN_CONSTANT_CONVERSION = YES;
				CLANG_WARN_DIRECT_OBJC_ISA_USAGE = YES_ERROR;
				CLANG_WARN_EMPTY_BODY = YES;
				CLANG_WARN_ENUM_CONVERSION = YES;
				CLANG_WARN_INT_CONVERSION = YES;
				CLANG_WARN_OBJC_ROOT_CLASS = YES_ERROR;
				CLANG_WARN_UNREACHABLE_CODE = YES;
				CLANG_WARN__DUPLICATE_METHOD_MATCH = YES;
				"CODE_SIGN_IDENTITY[sdk=iphoneos*]" = "iPhone Developer";
				COPY_PHASE_STRIP = YES;
				ENABLE_NS_ASSERTIONS = NO;
				ENABLE_STRICT_OBJC_MSGSEND = YES;
				GCC_C_LANGUAGE_STANDARD = gnu99;
				GCC_WARN_64_TO_32_BIT_CONVERSION = YES;
				GCC_WARN_ABOUT_RETURN_TYPE = YES_ERROR;
				GCC_WARN_UNDECLARED_SELECTOR = YES;
				GCC_WARN_UNINITIALIZED_AUTOS = YES_AGGRESSIVE;
				GCC_WARN_UNUSED_FUNCTION = YES;
				GCC_WARN_UNUSED_VARIABLE = YES;
				IPHONEOS_DEPLOYMENT_TARGET = 8.1;
				MTL_ENABLE_DEBUG_INFO = NO;
				SDKROOT = iphoneos;
				TARGETED_DEVICE_FAMILY = "1,2";
				VALIDATE_PRODUCT = YES;
			};
			name = Release;
		};
		BA226D6A1A404D9D00059267 /* Debug */ = {
			isa = XCBuildConfiguration;
			buildSettings = {
				ASSETCATALOG_COMPILER_APPICON_NAME = AppIcon;
				CODE_SIGN_IDENTITY = "iPhone Developer";
				"CODE_SIGN_IDENTITY[sdk=iphoneos*]" = "iPhone Developer";
				FRAMEWORK_SEARCH_PATHS = (
					"$(inherited)",
					"$(PROJECT_DIR)/Panda4rep",
				);
				INFOPLIST_FILE = Panda4rep/Info.plist;
				IPHONEOS_DEPLOYMENT_TARGET = 7.1;
				LD_RUNPATH_SEARCH_PATHS = "$(inherited) @executable_path/Frameworks";
				ONLY_ACTIVE_ARCH = NO;
				OTHER_LDFLAGS = "-ObjC";
				PRODUCT_NAME = "$(TARGET_NAME)";
				PROVISIONING_PROFILE = "";
				SWIFT_OBJC_BRIDGING_HEADER = "Panda4rep-Bridging-Header.h";
				TARGETED_DEVICE_FAMILY = 1;
				VALID_ARCHS = "armv7 armv7s";
			};
			name = Debug;
		};
		BA226D6B1A404D9D00059267 /* Release */ = {
			isa = XCBuildConfiguration;
			buildSettings = {
				ASSETCATALOG_COMPILER_APPICON_NAME = AppIcon;
				CODE_SIGN_IDENTITY = "iPhone Developer";
				"CODE_SIGN_IDENTITY[sdk=iphoneos*]" = "iPhone Developer";
				FRAMEWORK_SEARCH_PATHS = (
					"$(inherited)",
					"$(PROJECT_DIR)/Panda4rep",
				);
				INFOPLIST_FILE = Panda4rep/Info.plist;
				IPHONEOS_DEPLOYMENT_TARGET = 7.1;
				LD_RUNPATH_SEARCH_PATHS = "$(inherited) @executable_path/Frameworks";
				ONLY_ACTIVE_ARCH = NO;
				OTHER_LDFLAGS = "-ObjC";
				PRODUCT_NAME = "$(TARGET_NAME)";
				PROVISIONING_PROFILE = "";
				SWIFT_OBJC_BRIDGING_HEADER = "Panda4rep-Bridging-Header.h";
				TARGETED_DEVICE_FAMILY = 1;
				VALID_ARCHS = "armv7 armv7s";
			};
			name = Release;
		};
		BA226D6D1A404D9D00059267 /* Debug */ = {
			isa = XCBuildConfiguration;
			buildSettings = {
				BUNDLE_LOADER = "$(TEST_HOST)";
				FRAMEWORK_SEARCH_PATHS = (
					"$(SDKROOT)/Developer/Library/Frameworks",
					"$(inherited)",
				);
				GCC_PREPROCESSOR_DEFINITIONS = (
					"DEBUG=1",
					"$(inherited)",
				);
				INFOPLIST_FILE = Panda4repTests/Info.plist;
				LD_RUNPATH_SEARCH_PATHS = "$(inherited) @executable_path/Frameworks @loader_path/Frameworks";
				PRODUCT_NAME = "$(TARGET_NAME)";
				TEST_HOST = "$(BUILT_PRODUCTS_DIR)/Panda4rep.app/Panda4rep";
			};
			name = Debug;
		};
		BA226D6E1A404D9D00059267 /* Release */ = {
			isa = XCBuildConfiguration;
			buildSettings = {
				BUNDLE_LOADER = "$(TEST_HOST)";
				FRAMEWORK_SEARCH_PATHS = (
					"$(SDKROOT)/Developer/Library/Frameworks",
					"$(inherited)",
				);
				INFOPLIST_FILE = Panda4repTests/Info.plist;
				LD_RUNPATH_SEARCH_PATHS = "$(inherited) @executable_path/Frameworks @loader_path/Frameworks";
				PRODUCT_NAME = "$(TARGET_NAME)";
				TEST_HOST = "$(BUILT_PRODUCTS_DIR)/Panda4rep.app/Panda4rep";
			};
			name = Release;
		};
/* End XCBuildConfiguration section */

/* Begin XCConfigurationList section */
		BA226D451A404D9D00059267 /* Build configuration list for PBXProject "Panda4rep" */ = {
			isa = XCConfigurationList;
			buildConfigurations = (
				BA226D671A404D9D00059267 /* Debug */,
				BA226D681A404D9D00059267 /* Release */,
			);
			defaultConfigurationIsVisible = 0;
			defaultConfigurationName = Release;
		};
		BA226D691A404D9D00059267 /* Build configuration list for PBXNativeTarget "Panda4rep" */ = {
			isa = XCConfigurationList;
			buildConfigurations = (
				BA226D6A1A404D9D00059267 /* Debug */,
				BA226D6B1A404D9D00059267 /* Release */,
			);
			defaultConfigurationIsVisible = 0;
			defaultConfigurationName = Release;
		};
		BA226D6C1A404D9D00059267 /* Build configuration list for PBXNativeTarget "Panda4repTests" */ = {
			isa = XCConfigurationList;
			buildConfigurations = (
				BA226D6D1A404D9D00059267 /* Debug */,
				BA226D6E1A404D9D00059267 /* Release */,
			);
			defaultConfigurationIsVisible = 0;
			defaultConfigurationName = Release;
		};
/* End XCConfigurationList section */
	};
	rootObject = BA226D421A404D9D00059267 /* Project object */;
}
